// !$*UTF8*$!
{
	archiveVersion = 1;
	classes = {
	};
	objectVersion = 46;
	objects = {

/* Begin PBXBuildFile section */
		0E0D87B21E553D64007432C8 /* AboutCryptoKeyboardTableViewController.swift in Sources */ = {isa = PBXBuildFile; fileRef = 0E0D87B11E553D64007432C8 /* AboutCryptoKeyboardTableViewController.swift */; };
		0E0D87D61E553DD1007432C8 /* AboutCryptoKeyboardViewModel.swift in Sources */ = {isa = PBXBuildFile; fileRef = 0E0D87D51E553DD1007432C8 /* AboutCryptoKeyboardViewModel.swift */; };
		0E0D87D81E554380007432C8 /* Storyboard.swift in Sources */ = {isa = PBXBuildFile; fileRef = 0E0D87D71E554380007432C8 /* Storyboard.swift */; };
		0E0D87DA1E554439007432C8 /* NSBundleType.swift in Sources */ = {isa = PBXBuildFile; fileRef = 0E0D87D91E554439007432C8 /* NSBundleType.swift */; };
		0E0D87DC1E55447A007432C8 /* UIViewController-Preparation.swift in Sources */ = {isa = PBXBuildFile; fileRef = 0E0D87DB1E55447A007432C8 /* UIViewController-Preparation.swift */; };
		0E0D87DE1E554712007432C8 /* AboutCryptoKeyboard.storyboard in Resources */ = {isa = PBXBuildFile; fileRef = 0E0D87DD1E554712007432C8 /* AboutCryptoKeyboard.storyboard */; };
		0E1261461DFD680900E7EFE4 /* LayoutConstraints.swift in Sources */ = {isa = PBXBuildFile; fileRef = 0E1261451DFD680900E7EFE4 /* LayoutConstraints.swift */; };
		0E1261481DFD75EE00E7EFE4 /* KeyboardViewController.swift in Sources */ = {isa = PBXBuildFile; fileRef = 0E1261471DFD75EE00E7EFE4 /* KeyboardViewController.swift */; };
		0E12614A1DFD762200E7EFE4 /* IconDrawingView.swift in Sources */ = {isa = PBXBuildFile; fileRef = 0E1261491DFD762200E7EFE4 /* IconDrawingView.swift */; };
		0E1E32F61E56F29700750CF2 /* Diagram.swift in Sources */ = {isa = PBXBuildFile; fileRef = 0E1E32F21E56F29700750CF2 /* Diagram.swift */; };
		0E1E32F71E56F29700750CF2 /* Key.swift in Sources */ = {isa = PBXBuildFile; fileRef = 0E1E32F31E56F29700750CF2 /* Key.swift */; };
		0E1E32F81E56F29700750CF2 /* Keyboard.swift in Sources */ = {isa = PBXBuildFile; fileRef = 0E1E32F41E56F29700750CF2 /* Keyboard.swift */; };
		0E1E32F91E56F29700750CF2 /* Others.swift in Sources */ = {isa = PBXBuildFile; fileRef = 0E1E32F51E56F29700750CF2 /* Others.swift */; };
		0E1E32FC1E56F34100750CF2 /* Diagram.swift in Sources */ = {isa = PBXBuildFile; fileRef = 0E1E32F21E56F29700750CF2 /* Diagram.swift */; };
		0E1E32FD1E56F34100750CF2 /* Key.swift in Sources */ = {isa = PBXBuildFile; fileRef = 0E1E32F31E56F29700750CF2 /* Key.swift */; };
		0E1E32FE1E56F34100750CF2 /* Keyboard.swift in Sources */ = {isa = PBXBuildFile; fileRef = 0E1E32F41E56F29700750CF2 /* Keyboard.swift */; };
		0E1E32FF1E56F34100750CF2 /* Others.swift in Sources */ = {isa = PBXBuildFile; fileRef = 0E1E32F51E56F29700750CF2 /* Others.swift */; };
		0E28CCD61DFE480200BCAC75 /* KeyboardViewController+KeyboardViewDelegate.swift in Sources */ = {isa = PBXBuildFile; fileRef = 0E28CCD51DFE480200BCAC75 /* KeyboardViewController+KeyboardViewDelegate.swift */; };
		0E28CCD81DFE532800BCAC75 /* KeyboardViewController+AutoCap.swift in Sources */ = {isa = PBXBuildFile; fileRef = 0E28CCD71DFE532800BCAC75 /* KeyboardViewController+AutoCap.swift */; };
		0E28CCDA1DFE551000BCAC75 /* KeyboardViewController+AutoSuffixPeriod.swift in Sources */ = {isa = PBXBuildFile; fileRef = 0E28CCD91DFE551000BCAC75 /* KeyboardViewController+AutoSuffixPeriod.swift */; };
		0E28CCDD1DFE643A00BCAC75 /* UsefulFunctions.swift in Sources */ = {isa = PBXBuildFile; fileRef = 0E28CCDC1DFE643A00BCAC75 /* UsefulFunctions.swift */; };
		0E28CCE21DFE748C00BCAC75 /* InputInterpreter.swift in Sources */ = {isa = PBXBuildFile; fileRef = 0E28CCE11DFE748C00BCAC75 /* InputInterpreter.swift */; };
		0E28CCF91DFE7BE000BCAC75 /* KeyboardViewController+InputInterpreterOutputReceiverDelegate.swift in Sources */ = {isa = PBXBuildFile; fileRef = 0E28CCF81DFE7BE000BCAC75 /* KeyboardViewController+InputInterpreterOutputReceiverDelegate.swift */; };
		0E3F18651DFF9AC900E80D0C /* Media.xcassets in Resources */ = {isa = PBXBuildFile; fileRef = 0E3F18641DFF9AC900E80D0C /* Media.xcassets */; };
		0E3F18681DFFE24100E80D0C /* SpellingAutoCorretor.swift in Sources */ = {isa = PBXBuildFile; fileRef = 0E3F18671DFFE24100E80D0C /* SpellingAutoCorretor.swift */; };
		0E3F186A1DFFEE8300E80D0C /* words.txt in Resources */ = {isa = PBXBuildFile; fileRef = 0E3F18691DFFEE8300E80D0C /* words.txt */; };
		0E3F18711E001F7700E80D0C /* CipherSettingTopBarView.swift in Sources */ = {isa = PBXBuildFile; fileRef = 0E3F18701E001F7700E80D0C /* CipherSettingTopBarView.swift */; };
		0E420BF91E078C0800F41640 /* UIColor+ColorScheme.swift in Sources */ = {isa = PBXBuildFile; fileRef = 0EA85D231DFD318700AFB546 /* UIColor+ColorScheme.swift */; };
		0E420BFA1E078C0800F41640 /* LayoutConstraints.swift in Sources */ = {isa = PBXBuildFile; fileRef = 0E1261451DFD680900E7EFE4 /* LayoutConstraints.swift */; };
		0E420BFB1E078C0800F41640 /* UsefulFunctions.swift in Sources */ = {isa = PBXBuildFile; fileRef = 0E28CCDC1DFE643A00BCAC75 /* UsefulFunctions.swift */; };
		0E420BFD1E0790D300F41640 /* KeyboardSettingInstructionViewController.swift in Sources */ = {isa = PBXBuildFile; fileRef = 0E420BFC1E0790D300F41640 /* KeyboardSettingInstructionViewController.swift */; };
		0E420BFF1E07C63700F41640 /* SettingInstructionPageViewController.swift in Sources */ = {isa = PBXBuildFile; fileRef = 0E420BFE1E07C63700F41640 /* SettingInstructionPageViewController.swift */; };
		0E420C051E07F7D800F41640 /* CipherIntroductionViewController.swift in Sources */ = {isa = PBXBuildFile; fileRef = 0E420C041E07F7D800F41640 /* CipherIntroductionViewController.swift */; };
		0E420C081E07F81900F41640 /* CipherTranslatorViewController.swift in Sources */ = {isa = PBXBuildFile; fileRef = 0E420C071E07F81900F41640 /* CipherTranslatorViewController.swift */; };
		0E420C0B1E07F8F300F41640 /* CipherManager.swift in Sources */ = {isa = PBXBuildFile; fileRef = 0E5DE9301E01650800FAEF09 /* CipherManager.swift */; };
		0E420C0C1E07F8F300F41640 /* Cipher.swift in Sources */ = {isa = PBXBuildFile; fileRef = 0E5DE9321E01656200FAEF09 /* Cipher.swift */; };
		0E420C0D1E07F8FB00F41640 /* MorseCodeMapping.json in Resources */ = {isa = PBXBuildFile; fileRef = 0E5DE92C1E0134A100FAEF09 /* MorseCodeMapping.json */; };
		0E420C131E07F96600F41640 /* PDLiteAboutTableViewController.m in Sources */ = {isa = PBXBuildFile; fileRef = 0E420C111E07F96600F41640 /* PDLiteAboutTableViewController.m */; };
		0E420C161E07F9AD00F41640 /* SDiOSVersion.m in Sources */ = {isa = PBXBuildFile; fileRef = 0E420C151E07F9AD00F41640 /* SDiOSVersion.m */; };
		0E420C1A1E07FB5C00F41640 /* AppHelper.m in Sources */ = {isa = PBXBuildFile; fileRef = 0E420C191E07FB5C00F41640 /* AppHelper.m */; };
		0E420C1B1E080A4F00F41640 /* CipherSettingTopBarView.swift in Sources */ = {isa = PBXBuildFile; fileRef = 0E3F18701E001F7700E80D0C /* CipherSettingTopBarView.swift */; };
		0E4AB8BE1E0BA35200F85D44 /* CipherCollectionViewCell.swift in Sources */ = {isa = PBXBuildFile; fileRef = 0E4AB8BD1E0BA35200F85D44 /* CipherCollectionViewCell.swift */; };
		0E4ABB641E0C068600F85D44 /* FrontCollectionViewController.swift in Sources */ = {isa = PBXBuildFile; fileRef = 0E4ABB631E0C068600F85D44 /* FrontCollectionViewController.swift */; };
		0E5DE9231E00E82600FAEF09 /* CipherSettingViewController.swift in Sources */ = {isa = PBXBuildFile; fileRef = 0E5DE9221E00E82600FAEF09 /* CipherSettingViewController.swift */; };
		0E5DE9251E00E88300FAEF09 /* KeyboardViewController+CipherSettingViewControllerDelegate.swift in Sources */ = {isa = PBXBuildFile; fileRef = 0E5DE9241E00E88300FAEF09 /* KeyboardViewController+CipherSettingViewControllerDelegate.swift */; };
		0E5DE92D1E0134A100FAEF09 /* MorseCodeMapping.json in Resources */ = {isa = PBXBuildFile; fileRef = 0E5DE92C1E0134A100FAEF09 /* MorseCodeMapping.json */; };
		0E5DE9311E01650800FAEF09 /* CipherManager.swift in Sources */ = {isa = PBXBuildFile; fileRef = 0E5DE9301E01650800FAEF09 /* CipherManager.swift */; };
		0E5DE9331E01656200FAEF09 /* Cipher.swift in Sources */ = {isa = PBXBuildFile; fileRef = 0E5DE9321E01656200FAEF09 /* Cipher.swift */; };
		0E6B6A321DFA4ABD00712C0A /* AppDelegate.swift in Sources */ = {isa = PBXBuildFile; fileRef = 0E6B6A311DFA4ABD00712C0A /* AppDelegate.swift */; };
		0E6B6A391DFA4ABD00712C0A /* Assets.xcassets in Resources */ = {isa = PBXBuildFile; fileRef = 0E6B6A381DFA4ABD00712C0A /* Assets.xcassets */; };
		0E6B6A3C1DFA4ABD00712C0A /* LaunchScreen.storyboard in Resources */ = {isa = PBXBuildFile; fileRef = 0E6B6A3A1DFA4ABD00712C0A /* LaunchScreen.storyboard */; };
		0E6B6A4E1DFA4AE400712C0A /* CryptoKB.appex in Embed App Extensions */ = {isa = PBXBuildFile; fileRef = 0E6B6A471DFA4AE400712C0A /* CryptoKB.appex */; settings = {ATTRIBUTES = (RemoveHeadersOnCopy, ); }; };
		0E7673451E559122008AA089 /* KeyboardViewModel.swift in Sources */ = {isa = PBXBuildFile; fileRef = 0E7673441E559122008AA089 /* KeyboardViewModel.swift */; };
		0E7673461E55D177008AA089 /* UIViewController-Preparation.swift in Sources */ = {isa = PBXBuildFile; fileRef = 0E0D87DB1E55447A007432C8 /* UIViewController-Preparation.swift */; };
		0E8A3C2F1E08DE7400274D32 /* KeyboardView.swift in Sources */ = {isa = PBXBuildFile; fileRef = 0EA85D191DFD2E9500AFB546 /* KeyboardView.swift */; };
		0E8A3C331E08DE7400274D32 /* KeyboardViewItem.swift in Sources */ = {isa = PBXBuildFile; fileRef = 0EA85D1A1DFD2E9500AFB546 /* KeyboardViewItem.swift */; };
		0E8A3C351E08DE7400274D32 /* IconDrawingView.swift in Sources */ = {isa = PBXBuildFile; fileRef = 0E1261491DFD762200E7EFE4 /* IconDrawingView.swift */; };
		0EA85D1D1DFD2E9500AFB546 /* KeyboardView.swift in Sources */ = {isa = PBXBuildFile; fileRef = 0EA85D191DFD2E9500AFB546 /* KeyboardView.swift */; };
		0EA85D1E1DFD2E9500AFB546 /* KeyboardViewItem.swift in Sources */ = {isa = PBXBuildFile; fileRef = 0EA85D1A1DFD2E9500AFB546 /* KeyboardViewItem.swift */; };
		0EA85D241DFD318700AFB546 /* UIColor+ColorScheme.swift in Sources */ = {isa = PBXBuildFile; fileRef = 0EA85D231DFD318700AFB546 /* UIColor+ColorScheme.swift */; };
		0EAEACDF1E50762300AAA7B0 /* Result.framework in Frameworks */ = {isa = PBXBuildFile; fileRef = 0EAEACD41E5075E800AAA7B0 /* Result.framework */; };
		0EAEACE01E50762300AAA7B0 /* Result.framework in Embed Frameworks */ = {isa = PBXBuildFile; fileRef = 0EAEACD41E5075E800AAA7B0 /* Result.framework */; settings = {ATTRIBUTES = (CodeSignOnCopy, RemoveHeadersOnCopy, ); }; };
		0EAEACE31E50762300AAA7B0 /* ReactiveSwift.framework in Frameworks */ = {isa = PBXBuildFile; fileRef = 0EAEACBB1E5075E000AAA7B0 /* ReactiveSwift.framework */; };
		0EAEACE41E50762300AAA7B0 /* ReactiveSwift.framework in Embed Frameworks */ = {isa = PBXBuildFile; fileRef = 0EAEACBB1E5075E000AAA7B0 /* ReactiveSwift.framework */; settings = {ATTRIBUTES = (CodeSignOnCopy, RemoveHeadersOnCopy, ); }; };
		0EAEACE71E50762300AAA7B0 /* ReactiveCocoa.framework in Frameworks */ = {isa = PBXBuildFile; fileRef = 0EAEACA31E5075CD00AAA7B0 /* ReactiveCocoa.framework */; };
		0EAEACE81E50762300AAA7B0 /* ReactiveCocoa.framework in Embed Frameworks */ = {isa = PBXBuildFile; fileRef = 0EAEACA31E5075CD00AAA7B0 /* ReactiveCocoa.framework */; settings = {ATTRIBUTES = (CodeSignOnCopy, RemoveHeadersOnCopy, ); }; };
		0EC280B51E555F7B0070712E /* Keyboard.storyboard in Resources */ = {isa = PBXBuildFile; fileRef = 0EC280B41E555F7B0070712E /* Keyboard.storyboard */; };
		0EFCAFB31E52A71D00F2B99A /* Runes.framework in Frameworks */ = {isa = PBXBuildFile; fileRef = 0EFCAFA61E52A6EC00F2B99A /* Runes.framework */; };
		0EFCAFB41E52A71D00F2B99A /* Runes.framework in Embed Frameworks */ = {isa = PBXBuildFile; fileRef = 0EFCAFA61E52A6EC00F2B99A /* Runes.framework */; settings = {ATTRIBUTES = (CodeSignOnCopy, RemoveHeadersOnCopy, ); }; };
		0EFCAFB71E52A73F00F2B99A /* ReactiveCocoa.framework in Frameworks */ = {isa = PBXBuildFile; fileRef = 0EAEACA31E5075CD00AAA7B0 /* ReactiveCocoa.framework */; };
		0EFCAFB81E52A73F00F2B99A /* ReactiveSwift.framework in Frameworks */ = {isa = PBXBuildFile; fileRef = 0EAEACBB1E5075E000AAA7B0 /* ReactiveSwift.framework */; };
		0EFCAFB91E52A73F00F2B99A /* Result.framework in Frameworks */ = {isa = PBXBuildFile; fileRef = 0EAEACD41E5075E800AAA7B0 /* Result.framework */; };
		0EFCAFBA1E52A73F00F2B99A /* Runes.framework in Frameworks */ = {isa = PBXBuildFile; fileRef = 0EFCAFA61E52A6EC00F2B99A /* Runes.framework */; };
		0EFCAFE51E52AA2C00F2B99A /* Curry.framework in Frameworks */ = {isa = PBXBuildFile; fileRef = 0EFCAFDE1E52AA0900F2B99A /* Curry.framework */; };
		0EFCAFE61E52AA2C00F2B99A /* Prelude_UIKit.framework in Frameworks */ = {isa = PBXBuildFile; fileRef = 0EFCAFCF1E52A9FF00F2B99A /* Prelude_UIKit.framework */; };
		0EFCAFE71E52AA2C00F2B99A /* Prelude.framework in Frameworks */ = {isa = PBXBuildFile; fileRef = 0EFCAFC71E52A9FF00F2B99A /* Prelude.framework */; };
		0EFCAFE81E52AA3E00F2B99A /* Curry.framework in Frameworks */ = {isa = PBXBuildFile; fileRef = 0EFCAFDE1E52AA0900F2B99A /* Curry.framework */; };
		0EFCAFE91E52AA3E00F2B99A /* Curry.framework in Embed Frameworks */ = {isa = PBXBuildFile; fileRef = 0EFCAFDE1E52AA0900F2B99A /* Curry.framework */; settings = {ATTRIBUTES = (CodeSignOnCopy, RemoveHeadersOnCopy, ); }; };
		0EFCAFEC1E52AA3E00F2B99A /* Prelude.framework in Frameworks */ = {isa = PBXBuildFile; fileRef = 0EFCAFC71E52A9FF00F2B99A /* Prelude.framework */; };
		0EFCAFED1E52AA3E00F2B99A /* Prelude.framework in Embed Frameworks */ = {isa = PBXBuildFile; fileRef = 0EFCAFC71E52A9FF00F2B99A /* Prelude.framework */; settings = {ATTRIBUTES = (CodeSignOnCopy, RemoveHeadersOnCopy, ); }; };
		0EFCAFF01E52AA3E00F2B99A /* Prelude_UIKit.framework in Frameworks */ = {isa = PBXBuildFile; fileRef = 0EFCAFCF1E52A9FF00F2B99A /* Prelude_UIKit.framework */; };
		0EFCAFF11E52AA3E00F2B99A /* Prelude_UIKit.framework in Embed Frameworks */ = {isa = PBXBuildFile; fileRef = 0EFCAFCF1E52A9FF00F2B99A /* Prelude_UIKit.framework */; settings = {ATTRIBUTES = (CodeSignOnCopy, RemoveHeadersOnCopy, ); }; };
/* End PBXBuildFile section */

/* Begin PBXContainerItemProxy section */
		0E6B6A4C1DFA4AE400712C0A /* PBXContainerItemProxy */ = {
			isa = PBXContainerItemProxy;
			containerPortal = 0E6B6A261DFA4ABD00712C0A /* Project object */;
			proxyType = 1;
			remoteGlobalIDString = 0E6B6A461DFA4AE400712C0A;
			remoteInfo = CryptoKB;
		};
		0EAEAC9E1E5075CD00AAA7B0 /* PBXContainerItemProxy */ = {
			isa = PBXContainerItemProxy;
			containerPortal = 0EAEAC941E5075CD00AAA7B0 /* ReactiveCocoa.xcodeproj */;
			proxyType = 2;
			remoteGlobalIDString = D04725EA19E49ED7006002AA;
			remoteInfo = "ReactiveCocoa-macOS";
		};
		0EAEACA01E5075CD00AAA7B0 /* PBXContainerItemProxy */ = {
			isa = PBXContainerItemProxy;
			containerPortal = 0EAEAC941E5075CD00AAA7B0 /* ReactiveCocoa.xcodeproj */;
			proxyType = 2;
			remoteGlobalIDString = D04725F519E49ED7006002AA;
			remoteInfo = "ReactiveCocoa-macOSTests";
		};
		0EAEACA21E5075CD00AAA7B0 /* PBXContainerItemProxy */ = {
			isa = PBXContainerItemProxy;
			containerPortal = 0EAEAC941E5075CD00AAA7B0 /* ReactiveCocoa.xcodeproj */;
			proxyType = 2;
			remoteGlobalIDString = D047260C19E49F82006002AA;
			remoteInfo = "ReactiveCocoa-iOS";
		};
		0EAEACA41E5075CD00AAA7B0 /* PBXContainerItemProxy */ = {
			isa = PBXContainerItemProxy;
			containerPortal = 0EAEAC941E5075CD00AAA7B0 /* ReactiveCocoa.xcodeproj */;
			proxyType = 2;
			remoteGlobalIDString = D047261619E49F82006002AA;
			remoteInfo = "ReactiveCocoa-iOSTests";
		};
		0EAEACA61E5075CD00AAA7B0 /* PBXContainerItemProxy */ = {
			isa = PBXContainerItemProxy;
			containerPortal = 0EAEAC941E5075CD00AAA7B0 /* ReactiveCocoa.xcodeproj */;
			proxyType = 2;
			remoteGlobalIDString = A9B315541B3940610001CB9C;
			remoteInfo = "ReactiveCocoa-watchOS";
		};
		0EAEACA81E5075CD00AAA7B0 /* PBXContainerItemProxy */ = {
			isa = PBXContainerItemProxy;
			containerPortal = 0EAEAC941E5075CD00AAA7B0 /* ReactiveCocoa.xcodeproj */;
			proxyType = 2;
			remoteGlobalIDString = 57A4D2411BA13D7A00F7D4B1;
			remoteInfo = "ReactiveCocoa-tvOS";
		};
		0EAEACAA1E5075CD00AAA7B0 /* PBXContainerItemProxy */ = {
			isa = PBXContainerItemProxy;
			containerPortal = 0EAEAC941E5075CD00AAA7B0 /* ReactiveCocoa.xcodeproj */;
			proxyType = 2;
			remoteGlobalIDString = 7DFBED031CDB8C9500EE435B;
			remoteInfo = "ReactiveCocoa-tvOSTests";
		};
		0EAEACB61E5075E000AAA7B0 /* PBXContainerItemProxy */ = {
			isa = PBXContainerItemProxy;
			containerPortal = 0EAEACAC1E5075DF00AAA7B0 /* ReactiveSwift.xcodeproj */;
			proxyType = 2;
			remoteGlobalIDString = D04725EA19E49ED7006002AA;
			remoteInfo = "ReactiveSwift-macOS";
		};
		0EAEACB81E5075E000AAA7B0 /* PBXContainerItemProxy */ = {
			isa = PBXContainerItemProxy;
			containerPortal = 0EAEACAC1E5075DF00AAA7B0 /* ReactiveSwift.xcodeproj */;
			proxyType = 2;
			remoteGlobalIDString = D04725F519E49ED7006002AA;
			remoteInfo = "ReactiveSwift-macOSTests";
		};
		0EAEACBA1E5075E000AAA7B0 /* PBXContainerItemProxy */ = {
			isa = PBXContainerItemProxy;
			containerPortal = 0EAEACAC1E5075DF00AAA7B0 /* ReactiveSwift.xcodeproj */;
			proxyType = 2;
			remoteGlobalIDString = D047260C19E49F82006002AA;
			remoteInfo = "ReactiveSwift-iOS";
		};
		0EAEACBC1E5075E000AAA7B0 /* PBXContainerItemProxy */ = {
			isa = PBXContainerItemProxy;
			containerPortal = 0EAEACAC1E5075DF00AAA7B0 /* ReactiveSwift.xcodeproj */;
			proxyType = 2;
			remoteGlobalIDString = D047261619E49F82006002AA;
			remoteInfo = "ReactiveSwift-iOSTests";
		};
		0EAEACBE1E5075E000AAA7B0 /* PBXContainerItemProxy */ = {
			isa = PBXContainerItemProxy;
			containerPortal = 0EAEACAC1E5075DF00AAA7B0 /* ReactiveSwift.xcodeproj */;
			proxyType = 2;
			remoteGlobalIDString = A9B315541B3940610001CB9C;
			remoteInfo = "ReactiveSwift-watchOS";
		};
		0EAEACC01E5075E000AAA7B0 /* PBXContainerItemProxy */ = {
			isa = PBXContainerItemProxy;
			containerPortal = 0EAEACAC1E5075DF00AAA7B0 /* ReactiveSwift.xcodeproj */;
			proxyType = 2;
			remoteGlobalIDString = 57A4D2411BA13D7A00F7D4B1;
			remoteInfo = "ReactiveSwift-tvOS";
		};
		0EAEACC21E5075E000AAA7B0 /* PBXContainerItemProxy */ = {
			isa = PBXContainerItemProxy;
			containerPortal = 0EAEACAC1E5075DF00AAA7B0 /* ReactiveSwift.xcodeproj */;
			proxyType = 2;
			remoteGlobalIDString = 7DFBED031CDB8C9500EE435B;
			remoteInfo = "ReactiveSwift-tvOSTests";
		};
		0EAEACCF1E5075E800AAA7B0 /* PBXContainerItemProxy */ = {
			isa = PBXContainerItemProxy;
			containerPortal = 0EAEACC41E5075E800AAA7B0 /* Result.xcodeproj */;
			proxyType = 2;
			remoteGlobalIDString = D45480571A9572F5009D7229;
			remoteInfo = "Result-Mac";
		};
		0EAEACD11E5075E800AAA7B0 /* PBXContainerItemProxy */ = {
			isa = PBXContainerItemProxy;
			containerPortal = 0EAEACC41E5075E800AAA7B0 /* Result.xcodeproj */;
			proxyType = 2;
			remoteGlobalIDString = D45480671A9572F5009D7229;
			remoteInfo = "Result-MacTests";
		};
		0EAEACD31E5075E800AAA7B0 /* PBXContainerItemProxy */ = {
			isa = PBXContainerItemProxy;
			containerPortal = 0EAEACC41E5075E800AAA7B0 /* Result.xcodeproj */;
			proxyType = 2;
			remoteGlobalIDString = D454807D1A957361009D7229;
			remoteInfo = "Result-iOS";
		};
		0EAEACD51E5075E800AAA7B0 /* PBXContainerItemProxy */ = {
			isa = PBXContainerItemProxy;
			containerPortal = 0EAEACC41E5075E800AAA7B0 /* Result.xcodeproj */;
			proxyType = 2;
			remoteGlobalIDString = D45480871A957362009D7229;
			remoteInfo = "Result-iOSTests";
		};
		0EAEACD71E5075E800AAA7B0 /* PBXContainerItemProxy */ = {
			isa = PBXContainerItemProxy;
			containerPortal = 0EAEACC41E5075E800AAA7B0 /* Result.xcodeproj */;
			proxyType = 2;
			remoteGlobalIDString = 57FCDE471BA280DC00130C48;
			remoteInfo = "Result-tvOS";
		};
		0EAEACD91E5075E800AAA7B0 /* PBXContainerItemProxy */ = {
			isa = PBXContainerItemProxy;
			containerPortal = 0EAEACC41E5075E800AAA7B0 /* Result.xcodeproj */;
			proxyType = 2;
			remoteGlobalIDString = 57FCDE541BA280E000130C48;
			remoteInfo = "Result-tvOSTests";
		};
		0EAEACDB1E5075E800AAA7B0 /* PBXContainerItemProxy */ = {
			isa = PBXContainerItemProxy;
			containerPortal = 0EAEACC41E5075E800AAA7B0 /* Result.xcodeproj */;
			proxyType = 2;
			remoteGlobalIDString = D03579A31B2B788F005D26AE;
			remoteInfo = "Result-watchOS";
		};
		0EAEACDD1E5075E800AAA7B0 /* PBXContainerItemProxy */ = {
			isa = PBXContainerItemProxy;
			containerPortal = 0EAEACC41E5075E800AAA7B0 /* Result.xcodeproj */;
			proxyType = 2;
			remoteGlobalIDString = D03579B01B2B78A1005D26AE;
			remoteInfo = "Result-watchOSTests";
		};
		0EAEACE11E50762300AAA7B0 /* PBXContainerItemProxy */ = {
			isa = PBXContainerItemProxy;
			containerPortal = 0EAEACC41E5075E800AAA7B0 /* Result.xcodeproj */;
			proxyType = 1;
			remoteGlobalIDString = D454807C1A957361009D7229;
			remoteInfo = "Result-iOS";
		};
		0EAEACE51E50762300AAA7B0 /* PBXContainerItemProxy */ = {
			isa = PBXContainerItemProxy;
			containerPortal = 0EAEACAC1E5075DF00AAA7B0 /* ReactiveSwift.xcodeproj */;
			proxyType = 1;
			remoteGlobalIDString = D047260B19E49F82006002AA;
			remoteInfo = "ReactiveSwift-iOS";
		};
		0EAEACE91E50762300AAA7B0 /* PBXContainerItemProxy */ = {
			isa = PBXContainerItemProxy;
			containerPortal = 0EAEAC941E5075CD00AAA7B0 /* ReactiveCocoa.xcodeproj */;
			proxyType = 1;
			remoteGlobalIDString = D047260B19E49F82006002AA;
			remoteInfo = "ReactiveCocoa-iOS";
		};
		0EFCAFA51E52A6EC00F2B99A /* PBXContainerItemProxy */ = {
			isa = PBXContainerItemProxy;
			containerPortal = 0EFCAF9B1E52A6EC00F2B99A /* Runes.xcodeproj */;
			proxyType = 2;
			remoteGlobalIDString = F802D4D21A5F218E005E236C;
			remoteInfo = "Runes-iOS";
		};
		0EFCAFA71E52A6EC00F2B99A /* PBXContainerItemProxy */ = {
			isa = PBXContainerItemProxy;
			containerPortal = 0EFCAF9B1E52A6EC00F2B99A /* Runes.xcodeproj */;
			proxyType = 2;
			remoteGlobalIDString = F86B2E0B1A5F2B8D00C3B8BD;
			remoteInfo = "Runes-Mac";
		};
		0EFCAFA91E52A6EC00F2B99A /* PBXContainerItemProxy */ = {
			isa = PBXContainerItemProxy;
			containerPortal = 0EFCAF9B1E52A6EC00F2B99A /* Runes.xcodeproj */;
			proxyType = 2;
			remoteGlobalIDString = 51DE8A121BAB363500124320;
			remoteInfo = "Runes-tvOS";
		};
		0EFCAFAB1E52A6EC00F2B99A /* PBXContainerItemProxy */ = {
			isa = PBXContainerItemProxy;
			containerPortal = 0EFCAF9B1E52A6EC00F2B99A /* Runes.xcodeproj */;
			proxyType = 2;
			remoteGlobalIDString = F8624C261A645A9600C883B3;
			remoteInfo = "Runes-iOS Tests";
		};
		0EFCAFAD1E52A6EC00F2B99A /* PBXContainerItemProxy */ = {
			isa = PBXContainerItemProxy;
			containerPortal = 0EFCAF9B1E52A6EC00F2B99A /* Runes.xcodeproj */;
			proxyType = 2;
			remoteGlobalIDString = F8624C451A645C9500C883B3;
			remoteInfo = "Runes-Mac Tests";
		};
		0EFCAFAF1E52A6EC00F2B99A /* PBXContainerItemProxy */ = {
			isa = PBXContainerItemProxy;
			containerPortal = 0EFCAF9B1E52A6EC00F2B99A /* Runes.xcodeproj */;
			proxyType = 2;
			remoteGlobalIDString = 51DE8A211BAB36E600124320;
			remoteInfo = "Runes-tvOS Tests";
		};
		0EFCAFB11E52A6EC00F2B99A /* PBXContainerItemProxy */ = {
			isa = PBXContainerItemProxy;
			containerPortal = 0EFCAF9B1E52A6EC00F2B99A /* Runes.xcodeproj */;
			proxyType = 2;
			remoteGlobalIDString = EAA6A5101B2F154D0058E9A8;
			remoteInfo = "Runes-watchOS";
		};
		0EFCAFB51E52A71D00F2B99A /* PBXContainerItemProxy */ = {
			isa = PBXContainerItemProxy;
			containerPortal = 0EFCAF9B1E52A6EC00F2B99A /* Runes.xcodeproj */;
			proxyType = 1;
			remoteGlobalIDString = F802D4D11A5F218E005E236C;
			remoteInfo = "Runes-iOS";
		};
		0EFCAFC61E52A9FF00F2B99A /* PBXContainerItemProxy */ = {
			isa = PBXContainerItemProxy;
			containerPortal = 0EFCAFBB1E52A9FF00F2B99A /* Prelude.xcodeproj */;
			proxyType = 2;
			remoteGlobalIDString = A7FD08641C81E1DA00332CCB;
			remoteInfo = "Prelude-iOS";
		};
		0EFCAFC81E52A9FF00F2B99A /* PBXContainerItemProxy */ = {
			isa = PBXContainerItemProxy;
			containerPortal = 0EFCAFBB1E52A9FF00F2B99A /* Prelude.xcodeproj */;
			proxyType = 2;
			remoteGlobalIDString = A7FD087B1C81E24A00332CCB;
			remoteInfo = "Prelude-iOSTests";
		};
		0EFCAFCA1E52A9FF00F2B99A /* PBXContainerItemProxy */ = {
			isa = PBXContainerItemProxy;
			containerPortal = 0EFCAFBB1E52A9FF00F2B99A /* Prelude.xcodeproj */;
			proxyType = 2;
			remoteGlobalIDString = CA0923F81BB6291900C9EC88;
			remoteInfo = "Prelude-tvOS";
		};
		0EFCAFCC1E52A9FF00F2B99A /* PBXContainerItemProxy */ = {
			isa = PBXContainerItemProxy;
			containerPortal = 0EFCAFBB1E52A9FF00F2B99A /* Prelude.xcodeproj */;
			proxyType = 2;
			remoteGlobalIDString = CA0924021BB6291900C9EC88;
			remoteInfo = "Prelude-tvOSTests";
		};
		0EFCAFCE1E52A9FF00F2B99A /* PBXContainerItemProxy */ = {
			isa = PBXContainerItemProxy;
			containerPortal = 0EFCAFBB1E52A9FF00F2B99A /* Prelude.xcodeproj */;
			proxyType = 2;
			remoteGlobalIDString = A727E0221D0796D600D8FE43;
			remoteInfo = "Prelude-UIKit-iOS";
		};
		0EFCAFD01E52A9FF00F2B99A /* PBXContainerItemProxy */ = {
			isa = PBXContainerItemProxy;
			containerPortal = 0EFCAFBB1E52A9FF00F2B99A /* Prelude.xcodeproj */;
			proxyType = 2;
			remoteGlobalIDString = A727E02B1D0796D600D8FE43;
			remoteInfo = "Prelude-UIKit-iOSTests";
		};
		0EFCAFD21E52A9FF00F2B99A /* PBXContainerItemProxy */ = {
			isa = PBXContainerItemProxy;
			containerPortal = 0EFCAFBB1E52A9FF00F2B99A /* Prelude.xcodeproj */;
			proxyType = 2;
			remoteGlobalIDString = A70969081D14373400DB39D3;
			remoteInfo = "Prelude-UIKit-tvOS";
		};
		0EFCAFD41E52A9FF00F2B99A /* PBXContainerItemProxy */ = {
			isa = PBXContainerItemProxy;
			containerPortal = 0EFCAFBB1E52A9FF00F2B99A /* Prelude.xcodeproj */;
			proxyType = 2;
			remoteGlobalIDString = A70969111D14373400DB39D3;
			remoteInfo = "Prelude-UIKit-tvOSTests";
		};
		0EFCAFDD1E52AA0900F2B99A /* PBXContainerItemProxy */ = {
			isa = PBXContainerItemProxy;
			containerPortal = 0EFCAFD61E52AA0800F2B99A /* Curry.xcodeproj */;
			proxyType = 2;
			remoteGlobalIDString = F88630561B4EF96200F53969;
			remoteInfo = "Curry-iOS";
		};
		0EFCAFDF1E52AA0900F2B99A /* PBXContainerItemProxy */ = {
			isa = PBXContainerItemProxy;
			containerPortal = 0EFCAFD61E52AA0800F2B99A /* Curry.xcodeproj */;
			proxyType = 2;
			remoteGlobalIDString = F886307D1B4EF9F800F53969;
			remoteInfo = "Curry-Mac";
		};
		0EFCAFE11E52AA0900F2B99A /* PBXContainerItemProxy */ = {
			isa = PBXContainerItemProxy;
			containerPortal = 0EFCAFD61E52AA0800F2B99A /* Curry.xcodeproj */;
			proxyType = 2;
			remoteGlobalIDString = 804D01F31BA3684C0005BBC4;
			remoteInfo = "Curry-watchOS";
		};
		0EFCAFE31E52AA0900F2B99A /* PBXContainerItemProxy */ = {
			isa = PBXContainerItemProxy;
			containerPortal = 0EFCAFD61E52AA0800F2B99A /* Curry.xcodeproj */;
			proxyType = 2;
			remoteGlobalIDString = 80E059071BA9FA7F0077CBA7;
			remoteInfo = "Curry-tvOS";
		};
		0EFCAFEA1E52AA3E00F2B99A /* PBXContainerItemProxy */ = {
			isa = PBXContainerItemProxy;
			containerPortal = 0EFCAFD61E52AA0800F2B99A /* Curry.xcodeproj */;
			proxyType = 1;
			remoteGlobalIDString = F88630551B4EF96200F53969;
			remoteInfo = "Curry-iOS";
		};
		0EFCAFEE1E52AA3E00F2B99A /* PBXContainerItemProxy */ = {
			isa = PBXContainerItemProxy;
			containerPortal = 0EFCAFBB1E52A9FF00F2B99A /* Prelude.xcodeproj */;
			proxyType = 1;
			remoteGlobalIDString = A7FD084C1C81E1DA00332CCB;
			remoteInfo = "Prelude-iOS";
		};
		0EFCAFF21E52AA3E00F2B99A /* PBXContainerItemProxy */ = {
			isa = PBXContainerItemProxy;
			containerPortal = 0EFCAFBB1E52A9FF00F2B99A /* Prelude.xcodeproj */;
			proxyType = 1;
			remoteGlobalIDString = A727E0211D0796D600D8FE43;
			remoteInfo = "Prelude-UIKit-iOS";
		};
/* End PBXContainerItemProxy section */

/* Begin PBXCopyFilesBuildPhase section */
		0E56FE181E0E188E00BF4377 /* Embed Frameworks */ = {
			isa = PBXCopyFilesBuildPhase;
			buildActionMask = 2147483647;
			dstPath = "";
			dstSubfolderSpec = 10;
			files = (
				0EFCAFB41E52A71D00F2B99A /* Runes.framework in Embed Frameworks */,
				0EAEACE01E50762300AAA7B0 /* Result.framework in Embed Frameworks */,
				0EAEACE41E50762300AAA7B0 /* ReactiveSwift.framework in Embed Frameworks */,
				0EFCAFF11E52AA3E00F2B99A /* Prelude_UIKit.framework in Embed Frameworks */,
				0EAEACE81E50762300AAA7B0 /* ReactiveCocoa.framework in Embed Frameworks */,
				0EFCAFED1E52AA3E00F2B99A /* Prelude.framework in Embed Frameworks */,
				0EFCAFE91E52AA3E00F2B99A /* Curry.framework in Embed Frameworks */,
			);
			name = "Embed Frameworks";
			runOnlyForDeploymentPostprocessing = 0;
		};
		0E6B6A521DFA4AE400712C0A /* Embed App Extensions */ = {
			isa = PBXCopyFilesBuildPhase;
			buildActionMask = 2147483647;
			dstPath = "";
			dstSubfolderSpec = 13;
			files = (
				0E6B6A4E1DFA4AE400712C0A /* CryptoKB.appex in Embed App Extensions */,
			);
			name = "Embed App Extensions";
			runOnlyForDeploymentPostprocessing = 0;
		};
/* End PBXCopyFilesBuildPhase section */

/* Begin PBXFileReference section */
		0E0D87B11E553D64007432C8 /* AboutCryptoKeyboardTableViewController.swift */ = {isa = PBXFileReference; fileEncoding = 4; lastKnownFileType = sourcecode.swift; path = AboutCryptoKeyboardTableViewController.swift; sourceTree = "<group>"; };
		0E0D87D51E553DD1007432C8 /* AboutCryptoKeyboardViewModel.swift */ = {isa = PBXFileReference; fileEncoding = 4; lastKnownFileType = sourcecode.swift; path = AboutCryptoKeyboardViewModel.swift; sourceTree = "<group>"; };
		0E0D87D71E554380007432C8 /* Storyboard.swift */ = {isa = PBXFileReference; fileEncoding = 4; lastKnownFileType = sourcecode.swift; path = Storyboard.swift; sourceTree = "<group>"; };
		0E0D87D91E554439007432C8 /* NSBundleType.swift */ = {isa = PBXFileReference; fileEncoding = 4; lastKnownFileType = sourcecode.swift; path = NSBundleType.swift; sourceTree = "<group>"; };
		0E0D87DB1E55447A007432C8 /* UIViewController-Preparation.swift */ = {isa = PBXFileReference; fileEncoding = 4; lastKnownFileType = sourcecode.swift; path = "UIViewController-Preparation.swift"; sourceTree = "<group>"; };
		0E0D87DD1E554712007432C8 /* AboutCryptoKeyboard.storyboard */ = {isa = PBXFileReference; fileEncoding = 4; lastKnownFileType = file.storyboard; path = AboutCryptoKeyboard.storyboard; sourceTree = "<group>"; };
		0E1261451DFD680900E7EFE4 /* LayoutConstraints.swift */ = {isa = PBXFileReference; fileEncoding = 4; lastKnownFileType = sourcecode.swift; path = LayoutConstraints.swift; sourceTree = "<group>"; };
		0E1261471DFD75EE00E7EFE4 /* KeyboardViewController.swift */ = {isa = PBXFileReference; fileEncoding = 4; lastKnownFileType = sourcecode.swift; path = KeyboardViewController.swift; sourceTree = "<group>"; };
		0E1261491DFD762200E7EFE4 /* IconDrawingView.swift */ = {isa = PBXFileReference; fileEncoding = 4; lastKnownFileType = sourcecode.swift; path = IconDrawingView.swift; sourceTree = "<group>"; };
		0E1E32F21E56F29700750CF2 /* Diagram.swift */ = {isa = PBXFileReference; fileEncoding = 4; lastKnownFileType = sourcecode.swift; path = Diagram.swift; sourceTree = "<group>"; };
		0E1E32F31E56F29700750CF2 /* Key.swift */ = {isa = PBXFileReference; fileEncoding = 4; lastKnownFileType = sourcecode.swift; path = Key.swift; sourceTree = "<group>"; };
		0E1E32F41E56F29700750CF2 /* Keyboard.swift */ = {isa = PBXFileReference; fileEncoding = 4; lastKnownFileType = sourcecode.swift; path = Keyboard.swift; sourceTree = "<group>"; };
		0E1E32F51E56F29700750CF2 /* Others.swift */ = {isa = PBXFileReference; fileEncoding = 4; lastKnownFileType = sourcecode.swift; path = Others.swift; sourceTree = "<group>"; };
		0E28CCD51DFE480200BCAC75 /* KeyboardViewController+KeyboardViewDelegate.swift */ = {isa = PBXFileReference; fileEncoding = 4; lastKnownFileType = sourcecode.swift; path = "KeyboardViewController+KeyboardViewDelegate.swift"; sourceTree = "<group>"; };
		0E28CCD71DFE532800BCAC75 /* KeyboardViewController+AutoCap.swift */ = {isa = PBXFileReference; fileEncoding = 4; lastKnownFileType = sourcecode.swift; path = "KeyboardViewController+AutoCap.swift"; sourceTree = "<group>"; };
		0E28CCD91DFE551000BCAC75 /* KeyboardViewController+AutoSuffixPeriod.swift */ = {isa = PBXFileReference; fileEncoding = 4; lastKnownFileType = sourcecode.swift; path = "KeyboardViewController+AutoSuffixPeriod.swift"; sourceTree = "<group>"; };
		0E28CCDC1DFE643A00BCAC75 /* UsefulFunctions.swift */ = {isa = PBXFileReference; fileEncoding = 4; lastKnownFileType = sourcecode.swift; path = UsefulFunctions.swift; sourceTree = "<group>"; };
		0E28CCE11DFE748C00BCAC75 /* InputInterpreter.swift */ = {isa = PBXFileReference; fileEncoding = 4; lastKnownFileType = sourcecode.swift; path = InputInterpreter.swift; sourceTree = "<group>"; };
		0E28CCF81DFE7BE000BCAC75 /* KeyboardViewController+InputInterpreterOutputReceiverDelegate.swift */ = {isa = PBXFileReference; fileEncoding = 4; lastKnownFileType = sourcecode.swift; path = "KeyboardViewController+InputInterpreterOutputReceiverDelegate.swift"; sourceTree = "<group>"; };
		0E2971CF1E51403100F098D9 /* FunctionalDiagram.playground */ = {isa = PBXFileReference; lastKnownFileType = file.playground; path = FunctionalDiagram.playground; sourceTree = "<group>"; };
		0E3F18641DFF9AC900E80D0C /* Media.xcassets */ = {isa = PBXFileReference; lastKnownFileType = folder.assetcatalog; path = Media.xcassets; sourceTree = "<group>"; };
		0E3F18671DFFE24100E80D0C /* SpellingAutoCorretor.swift */ = {isa = PBXFileReference; fileEncoding = 4; lastKnownFileType = sourcecode.swift; path = SpellingAutoCorretor.swift; sourceTree = "<group>"; };
		0E3F18691DFFEE8300E80D0C /* words.txt */ = {isa = PBXFileReference; fileEncoding = 4; lastKnownFileType = text; path = words.txt; sourceTree = "<group>"; };
		0E3F18701E001F7700E80D0C /* CipherSettingTopBarView.swift */ = {isa = PBXFileReference; fileEncoding = 4; lastKnownFileType = sourcecode.swift; path = CipherSettingTopBarView.swift; sourceTree = "<group>"; };
		0E420BFC1E0790D300F41640 /* KeyboardSettingInstructionViewController.swift */ = {isa = PBXFileReference; fileEncoding = 4; lastKnownFileType = sourcecode.swift; path = KeyboardSettingInstructionViewController.swift; sourceTree = "<group>"; };
		0E420BFE1E07C63700F41640 /* SettingInstructionPageViewController.swift */ = {isa = PBXFileReference; fileEncoding = 4; lastKnownFileType = sourcecode.swift; path = SettingInstructionPageViewController.swift; sourceTree = "<group>"; };
		0E420C001E07D5CB00F41640 /* CryptoKeyboard-Bridging-Header.h */ = {isa = PBXFileReference; lastKnownFileType = sourcecode.c.h; path = "CryptoKeyboard-Bridging-Header.h"; sourceTree = "<group>"; };
		0E420C041E07F7D800F41640 /* CipherIntroductionViewController.swift */ = {isa = PBXFileReference; fileEncoding = 4; lastKnownFileType = sourcecode.swift; path = CipherIntroductionViewController.swift; sourceTree = "<group>"; };
		0E420C071E07F81900F41640 /* CipherTranslatorViewController.swift */ = {isa = PBXFileReference; fileEncoding = 4; lastKnownFileType = sourcecode.swift; path = CipherTranslatorViewController.swift; sourceTree = "<group>"; };
		0E420C101E07F96600F41640 /* PDLiteAboutTableViewController.h */ = {isa = PBXFileReference; fileEncoding = 4; lastKnownFileType = sourcecode.c.h; path = PDLiteAboutTableViewController.h; sourceTree = "<group>"; };
		0E420C111E07F96600F41640 /* PDLiteAboutTableViewController.m */ = {isa = PBXFileReference; fileEncoding = 4; lastKnownFileType = sourcecode.c.objc; path = PDLiteAboutTableViewController.m; sourceTree = "<group>"; };
		0E420C141E07F9AD00F41640 /* SDiOSVersion.h */ = {isa = PBXFileReference; fileEncoding = 4; lastKnownFileType = sourcecode.c.h; path = SDiOSVersion.h; sourceTree = "<group>"; };
		0E420C151E07F9AD00F41640 /* SDiOSVersion.m */ = {isa = PBXFileReference; fileEncoding = 4; lastKnownFileType = sourcecode.c.objc; path = SDiOSVersion.m; sourceTree = "<group>"; };
		0E420C181E07FB5C00F41640 /* AppHelper.h */ = {isa = PBXFileReference; fileEncoding = 4; lastKnownFileType = sourcecode.c.h; path = AppHelper.h; sourceTree = "<group>"; };
		0E420C191E07FB5C00F41640 /* AppHelper.m */ = {isa = PBXFileReference; fileEncoding = 4; lastKnownFileType = sourcecode.c.objc; path = AppHelper.m; sourceTree = "<group>"; };
		0E4AB8BD1E0BA35200F85D44 /* CipherCollectionViewCell.swift */ = {isa = PBXFileReference; fileEncoding = 4; lastKnownFileType = sourcecode.swift; path = CipherCollectionViewCell.swift; sourceTree = "<group>"; };
		0E4ABB631E0C068600F85D44 /* FrontCollectionViewController.swift */ = {isa = PBXFileReference; fileEncoding = 4; lastKnownFileType = sourcecode.swift; path = FrontCollectionViewController.swift; sourceTree = "<group>"; };
		0E5DE9221E00E82600FAEF09 /* CipherSettingViewController.swift */ = {isa = PBXFileReference; fileEncoding = 4; lastKnownFileType = sourcecode.swift; path = CipherSettingViewController.swift; sourceTree = "<group>"; };
		0E5DE9241E00E88300FAEF09 /* KeyboardViewController+CipherSettingViewControllerDelegate.swift */ = {isa = PBXFileReference; fileEncoding = 4; lastKnownFileType = sourcecode.swift; path = "KeyboardViewController+CipherSettingViewControllerDelegate.swift"; sourceTree = "<group>"; };
		0E5DE92C1E0134A100FAEF09 /* MorseCodeMapping.json */ = {isa = PBXFileReference; fileEncoding = 4; lastKnownFileType = text.json; path = MorseCodeMapping.json; sourceTree = "<group>"; };
		0E5DE9301E01650800FAEF09 /* CipherManager.swift */ = {isa = PBXFileReference; fileEncoding = 4; lastKnownFileType = sourcecode.swift; path = CipherManager.swift; sourceTree = "<group>"; };
		0E5DE9321E01656200FAEF09 /* Cipher.swift */ = {isa = PBXFileReference; fileEncoding = 4; lastKnownFileType = sourcecode.swift; path = Cipher.swift; sourceTree = "<group>"; };
		0E6B6A2E1DFA4ABD00712C0A /* CryptoKeyboard.app */ = {isa = PBXFileReference; explicitFileType = wrapper.application; includeInIndex = 0; path = CryptoKeyboard.app; sourceTree = BUILT_PRODUCTS_DIR; };
		0E6B6A311DFA4ABD00712C0A /* AppDelegate.swift */ = {isa = PBXFileReference; lastKnownFileType = sourcecode.swift; path = AppDelegate.swift; sourceTree = "<group>"; };
		0E6B6A381DFA4ABD00712C0A /* Assets.xcassets */ = {isa = PBXFileReference; lastKnownFileType = folder.assetcatalog; path = Assets.xcassets; sourceTree = "<group>"; };
		0E6B6A3B1DFA4ABD00712C0A /* Base */ = {isa = PBXFileReference; lastKnownFileType = file.storyboard; name = Base; path = Base.lproj/LaunchScreen.storyboard; sourceTree = "<group>"; };
		0E6B6A3D1DFA4ABD00712C0A /* Info.plist */ = {isa = PBXFileReference; lastKnownFileType = text.plist.xml; path = Info.plist; sourceTree = "<group>"; };
		0E6B6A471DFA4AE400712C0A /* CryptoKB.appex */ = {isa = PBXFileReference; explicitFileType = "wrapper.app-extension"; includeInIndex = 0; path = CryptoKB.appex; sourceTree = BUILT_PRODUCTS_DIR; };
		0E6B6A4B1DFA4AE400712C0A /* Info.plist */ = {isa = PBXFileReference; lastKnownFileType = text.plist.xml; path = Info.plist; sourceTree = "<group>"; };
		0E76732F1E558DD3008AA089 /* CryptoKB.entitlements */ = {isa = PBXFileReference; lastKnownFileType = text.plist.entitlements; path = CryptoKB.entitlements; sourceTree = "<group>"; };
		0E7673441E559122008AA089 /* KeyboardViewModel.swift */ = {isa = PBXFileReference; fileEncoding = 4; lastKnownFileType = sourcecode.swift; path = KeyboardViewModel.swift; sourceTree = "<group>"; };
		0EA85D191DFD2E9500AFB546 /* KeyboardView.swift */ = {isa = PBXFileReference; fileEncoding = 4; lastKnownFileType = sourcecode.swift; path = KeyboardView.swift; sourceTree = "<group>"; };
		0EA85D1A1DFD2E9500AFB546 /* KeyboardViewItem.swift */ = {isa = PBXFileReference; fileEncoding = 4; lastKnownFileType = sourcecode.swift; path = KeyboardViewItem.swift; sourceTree = "<group>"; };
		0EA85D231DFD318700AFB546 /* UIColor+ColorScheme.swift */ = {isa = PBXFileReference; fileEncoding = 4; lastKnownFileType = sourcecode.swift; path = "UIColor+ColorScheme.swift"; sourceTree = "<group>"; };
		0EAEAC941E5075CD00AAA7B0 /* ReactiveCocoa.xcodeproj */ = {isa = PBXFileReference; lastKnownFileType = "wrapper.pb-project"; name = ReactiveCocoa.xcodeproj; path = ReactiveCocoa/ReactiveCocoa.xcodeproj; sourceTree = "<group>"; };
		0EAEACAC1E5075DF00AAA7B0 /* ReactiveSwift.xcodeproj */ = {isa = PBXFileReference; lastKnownFileType = "wrapper.pb-project"; name = ReactiveSwift.xcodeproj; path = ReactiveCocoa/Carthage/Checkouts/ReactiveSwift/ReactiveSwift.xcodeproj; sourceTree = "<group>"; };
		0EAEACC41E5075E800AAA7B0 /* Result.xcodeproj */ = {isa = PBXFileReference; lastKnownFileType = "wrapper.pb-project"; name = Result.xcodeproj; path = ReactiveCocoa/Carthage/Checkouts/Result/Result.xcodeproj; sourceTree = "<group>"; };
		0EC280B41E555F7B0070712E /* Keyboard.storyboard */ = {isa = PBXFileReference; fileEncoding = 4; lastKnownFileType = file.storyboard; path = Keyboard.storyboard; sourceTree = "<group>"; };
		0EFCAF741E5289D100F2B99A /* Experiment.playground */ = {isa = PBXFileReference; lastKnownFileType = file.playground; path = Experiment.playground; sourceTree = "<group>"; };
		0EFCAF9B1E52A6EC00F2B99A /* Runes.xcodeproj */ = {isa = PBXFileReference; lastKnownFileType = "wrapper.pb-project"; name = Runes.xcodeproj; path = Runes/Runes.xcodeproj; sourceTree = "<group>"; };
		0EFCAFBB1E52A9FF00F2B99A /* Prelude.xcodeproj */ = {isa = PBXFileReference; lastKnownFileType = "wrapper.pb-project"; name = Prelude.xcodeproj; path = "Kickstarter-Prelude/Prelude.xcodeproj"; sourceTree = "<group>"; };
		0EFCAFD61E52AA0800F2B99A /* Curry.xcodeproj */ = {isa = PBXFileReference; lastKnownFileType = "wrapper.pb-project"; name = Curry.xcodeproj; path = Curry/Curry.xcodeproj; sourceTree = "<group>"; };
/* End PBXFileReference section */

/* Begin PBXFrameworksBuildPhase section */
		0E6B6A2B1DFA4ABD00712C0A /* Frameworks */ = {
			isa = PBXFrameworksBuildPhase;
			buildActionMask = 2147483647;
			files = (
				0EFCAFB31E52A71D00F2B99A /* Runes.framework in Frameworks */,
				0EAEACDF1E50762300AAA7B0 /* Result.framework in Frameworks */,
				0EAEACE31E50762300AAA7B0 /* ReactiveSwift.framework in Frameworks */,
				0EFCAFF01E52AA3E00F2B99A /* Prelude_UIKit.framework in Frameworks */,
				0EAEACE71E50762300AAA7B0 /* ReactiveCocoa.framework in Frameworks */,
				0EFCAFEC1E52AA3E00F2B99A /* Prelude.framework in Frameworks */,
				0EFCAFE81E52AA3E00F2B99A /* Curry.framework in Frameworks */,
			);
			runOnlyForDeploymentPostprocessing = 0;
		};
		0E6B6A441DFA4AE400712C0A /* Frameworks */ = {
			isa = PBXFrameworksBuildPhase;
			buildActionMask = 2147483647;
			files = (
				0EFCAFE51E52AA2C00F2B99A /* Curry.framework in Frameworks */,
				0EFCAFE61E52AA2C00F2B99A /* Prelude_UIKit.framework in Frameworks */,
				0EFCAFE71E52AA2C00F2B99A /* Prelude.framework in Frameworks */,
				0EFCAFB71E52A73F00F2B99A /* ReactiveCocoa.framework in Frameworks */,
				0EFCAFB81E52A73F00F2B99A /* ReactiveSwift.framework in Frameworks */,
				0EFCAFB91E52A73F00F2B99A /* Result.framework in Frameworks */,
				0EFCAFBA1E52A73F00F2B99A /* Runes.framework in Frameworks */,
			);
			runOnlyForDeploymentPostprocessing = 0;
		};
/* End PBXFrameworksBuildPhase section */

/* Begin PBXGroup section */
		0E1E32CF1E56F24A00750CF2 /* Keyboard */ = {
			isa = PBXGroup;
			children = (
				0E1E32F21E56F29700750CF2 /* Diagram.swift */,
				0E1E32F31E56F29700750CF2 /* Key.swift */,
				0E1E32F41E56F29700750CF2 /* Keyboard.swift */,
				0E1E32F51E56F29700750CF2 /* Others.swift */,
			);
			name = Keyboard;
			sourceTree = "<group>";
		};
		0E1E330F1E57253F00750CF2 /* Resources */ = {
			isa = PBXGroup;
			children = (
				0E3F18641DFF9AC900E80D0C /* Media.xcassets */,
				0E3F18691DFFEE8300E80D0C /* words.txt */,
			);
			name = Resources;
			sourceTree = "<group>";
		};
		0E1E33101E57270800750CF2 /* Schemes */ = {
			isa = PBXGroup;
			children = (
				0E1261451DFD680900E7EFE4 /* LayoutConstraints.swift */,
				0EA85D231DFD318700AFB546 /* UIColor+ColorScheme.swift */,
			);
			name = Schemes;
			sourceTree = "<group>";
		};
		0E28CCDB1DFE640D00BCAC75 /* library */ = {
			isa = PBXGroup;
			children = (
				0E1E33101E57270800750CF2 /* Schemes */,
				0E28CCE31DFE76FF00BCAC75 /* Cyphers */,
				0E3F18661DFFE22400E80D0C /* SpellingAutoCorrector */,
				0E28CCE11DFE748C00BCAC75 /* InputInterpreter.swift */,
				0E28CCDC1DFE643A00BCAC75 /* UsefulFunctions.swift */,
			);
			name = library;
			sourceTree = "<group>";
		};
		0E28CCE01DFE73E900BCAC75 /* controllers */ = {
			isa = PBXGroup;
			children = (
				0E1261471DFD75EE00E7EFE4 /* KeyboardViewController.swift */,
				0E28CCD51DFE480200BCAC75 /* KeyboardViewController+KeyboardViewDelegate.swift */,
				0E28CCF81DFE7BE000BCAC75 /* KeyboardViewController+InputInterpreterOutputReceiverDelegate.swift */,
				0E5DE9241E00E88300FAEF09 /* KeyboardViewController+CipherSettingViewControllerDelegate.swift */,
				0E28CCD71DFE532800BCAC75 /* KeyboardViewController+AutoCap.swift */,
				0E28CCD91DFE551000BCAC75 /* KeyboardViewController+AutoSuffixPeriod.swift */,
			);
			name = controllers;
			sourceTree = "<group>";
		};
		0E28CCE31DFE76FF00BCAC75 /* Cyphers */ = {
			isa = PBXGroup;
			children = (
				0E5DE9301E01650800FAEF09 /* CipherManager.swift */,
				0E5DE9321E01656200FAEF09 /* Cipher.swift */,
				0E5DE92C1E0134A100FAEF09 /* MorseCodeMapping.json */,
			);
			name = Cyphers;
			sourceTree = "<group>";
		};
		0E3F18661DFFE22400E80D0C /* SpellingAutoCorrector */ = {
			isa = PBXGroup;
			children = (
				0E3F18671DFFE24100E80D0C /* SpellingAutoCorretor.swift */,
			);
			name = SpellingAutoCorrector;
			sourceTree = "<group>";
		};
		0E3F186D1E001F3600E80D0C /* Setting */ = {
			isa = PBXGroup;
			children = (
				0E5DE9221E00E82600FAEF09 /* CipherSettingViewController.swift */,
				0E3F18701E001F7700E80D0C /* CipherSettingTopBarView.swift */,
			);
			name = Setting;
			sourceTree = "<group>";
		};
		0E420C061E07F7DE00F41640 /* supportingFiles */ = {
			isa = PBXGroup;
			children = (
				0E6B6A311DFA4ABD00712C0A /* AppDelegate.swift */,
				0E6B6A381DFA4ABD00712C0A /* Assets.xcassets */,
				0E6B6A3A1DFA4ABD00712C0A /* LaunchScreen.storyboard */,
				0E6B6A3D1DFA4ABD00712C0A /* Info.plist */,
				0E420C001E07D5CB00F41640 /* CryptoKeyboard-Bridging-Header.h */,
			);
			name = supportingFiles;
			sourceTree = "<group>";
		};
		0E420C171E07F9AF00F41640 /* About */ = {
			isa = PBXGroup;
			children = (
				0E0D87B11E553D64007432C8 /* AboutCryptoKeyboardTableViewController.swift */,
				0E0D87D51E553DD1007432C8 /* AboutCryptoKeyboardViewModel.swift */,
				0E420C181E07FB5C00F41640 /* AppHelper.h */,
				0E420C191E07FB5C00F41640 /* AppHelper.m */,
				0E420C141E07F9AD00F41640 /* SDiOSVersion.h */,
				0E420C151E07F9AD00F41640 /* SDiOSVersion.m */,
				0E420C101E07F96600F41640 /* PDLiteAboutTableViewController.h */,
				0E420C111E07F96600F41640 /* PDLiteAboutTableViewController.m */,
			);
			name = About;
			sourceTree = "<group>";
		};
		0E56FE3D1E0E1AE000BF4377 /* KeyboardView */ = {
			isa = PBXGroup;
			children = (
				0EA85D191DFD2E9500AFB546 /* KeyboardView.swift */,
				0EA85D1A1DFD2E9500AFB546 /* KeyboardViewItem.swift */,
				0E1261491DFD762200E7EFE4 /* IconDrawingView.swift */,
			);
			name = KeyboardView;
			sourceTree = "<group>";
		};
		0E6B6A251DFA4ABD00712C0A = {
			isa = PBXGroup;
			children = (
				0EFCAF741E5289D100F2B99A /* Experiment.playground */,
				0E2971CF1E51403100F098D9 /* FunctionalDiagram.playground */,
				0EFCAFD61E52AA0800F2B99A /* Curry.xcodeproj */,
				0EFCAFBB1E52A9FF00F2B99A /* Prelude.xcodeproj */,
				0EFCAF9B1E52A6EC00F2B99A /* Runes.xcodeproj */,
				0EAEACC41E5075E800AAA7B0 /* Result.xcodeproj */,
				0EAEACAC1E5075DF00AAA7B0 /* ReactiveSwift.xcodeproj */,
				0EAEAC941E5075CD00AAA7B0 /* ReactiveCocoa.xcodeproj */,
				0E6B6A301DFA4ABD00712C0A /* CryptoKeyboard */,
				0E6B6A481DFA4AE400712C0A /* CryptoKB */,
				0E6B6A2F1DFA4ABD00712C0A /* Products */,
			);
			sourceTree = "<group>";
		};
		0E6B6A2F1DFA4ABD00712C0A /* Products */ = {
			isa = PBXGroup;
			children = (
				0E6B6A2E1DFA4ABD00712C0A /* CryptoKeyboard.app */,
				0E6B6A471DFA4AE400712C0A /* CryptoKB.appex */,
			);
			name = Products;
			sourceTree = "<group>";
		};
		0E6B6A301DFA4ABD00712C0A /* CryptoKeyboard */ = {
			isa = PBXGroup;
			children = (
				0E0D87DD1E554712007432C8 /* AboutCryptoKeyboard.storyboard */,
				0E0D87DB1E55447A007432C8 /* UIViewController-Preparation.swift */,
				0E0D87D91E554439007432C8 /* NSBundleType.swift */,
				0E0D87D71E554380007432C8 /* Storyboard.swift */,
				0E420C171E07F9AF00F41640 /* About */,
				0E420C041E07F7D800F41640 /* CipherIntroductionViewController.swift */,
				0E4ABB631E0C068600F85D44 /* FrontCollectionViewController.swift */,
				0E4AB8BD1E0BA35200F85D44 /* CipherCollectionViewCell.swift */,
				0E420C071E07F81900F41640 /* CipherTranslatorViewController.swift */,
				0E420BFC1E0790D300F41640 /* KeyboardSettingInstructionViewController.swift */,
				0E420BFE1E07C63700F41640 /* SettingInstructionPageViewController.swift */,
				0E420C061E07F7DE00F41640 /* supportingFiles */,
			);
			path = CryptoKeyboard;
			sourceTree = "<group>";
		};
		0E6B6A481DFA4AE400712C0A /* CryptoKB */ = {
			isa = PBXGroup;
			children = (
				0E76732F1E558DD3008AA089 /* CryptoKB.entitlements */,
				0EC280911E555F550070712E /* Storyboards */,
				0E28CCE01DFE73E900BCAC75 /* controllers */,
				0EA85D181DFD2E7A00AFB546 /* Views */,
				0E7673431E5590DA008AA089 /* ViewModels */,
				0EA85D171DFD2E3900AFB546 /* BusinessModels */,
				0E28CCDB1DFE640D00BCAC75 /* library */,
				0E1E330F1E57253F00750CF2 /* Resources */,
				0E6B6A551DFA4B5400712C0A /* SupportingFiles */,
			);
			path = CryptoKB;
			sourceTree = "<group>";
		};
		0E6B6A551DFA4B5400712C0A /* SupportingFiles */ = {
			isa = PBXGroup;
			children = (
				0E6B6A4B1DFA4AE400712C0A /* Info.plist */,
			);
			name = SupportingFiles;
			sourceTree = "<group>";
		};
		0E7673431E5590DA008AA089 /* ViewModels */ = {
			isa = PBXGroup;
			children = (
				0E7673441E559122008AA089 /* KeyboardViewModel.swift */,
			);
			name = ViewModels;
			sourceTree = "<group>";
		};
		0EA85D171DFD2E3900AFB546 /* BusinessModels */ = {
			isa = PBXGroup;
			children = (
				0E1E32CF1E56F24A00750CF2 /* Keyboard */,
			);
			name = BusinessModels;
			sourceTree = "<group>";
		};
		0EA85D181DFD2E7A00AFB546 /* Views */ = {
			isa = PBXGroup;
			children = (
				0E56FE3D1E0E1AE000BF4377 /* KeyboardView */,
				0E3F186D1E001F3600E80D0C /* Setting */,
			);
			name = Views;
			sourceTree = "<group>";
		};
		0EAEAC951E5075CD00AAA7B0 /* Products */ = {
			isa = PBXGroup;
			children = (
				0EAEAC9F1E5075CD00AAA7B0 /* ReactiveCocoa.framework */,
				0EAEACA11E5075CD00AAA7B0 /* ReactiveCocoaTests.xctest */,
				0EAEACA31E5075CD00AAA7B0 /* ReactiveCocoa.framework */,
				0EAEACA51E5075CD00AAA7B0 /* ReactiveCocoaTests.xctest */,
				0EAEACA71E5075CD00AAA7B0 /* ReactiveCocoa.framework */,
				0EAEACA91E5075CD00AAA7B0 /* ReactiveCocoa.framework */,
				0EAEACAB1E5075CD00AAA7B0 /* ReactiveCocoaTests.xctest */,
			);
			name = Products;
			sourceTree = "<group>";
		};
		0EAEACAD1E5075DF00AAA7B0 /* Products */ = {
			isa = PBXGroup;
			children = (
				0EAEACB71E5075E000AAA7B0 /* ReactiveSwift.framework */,
				0EAEACB91E5075E000AAA7B0 /* ReactiveSwiftTests.xctest */,
				0EAEACBB1E5075E000AAA7B0 /* ReactiveSwift.framework */,
				0EAEACBD1E5075E000AAA7B0 /* ReactiveSwiftTests.xctest */,
				0EAEACBF1E5075E000AAA7B0 /* ReactiveSwift.framework */,
				0EAEACC11E5075E000AAA7B0 /* ReactiveSwift.framework */,
				0EAEACC31E5075E000AAA7B0 /* ReactiveSwiftTests.xctest */,
			);
			name = Products;
			sourceTree = "<group>";
		};
		0EAEACC51E5075E800AAA7B0 /* Products */ = {
			isa = PBXGroup;
			children = (
				0EAEACD01E5075E800AAA7B0 /* Result.framework */,
				0EAEACD21E5075E800AAA7B0 /* Result-MacTests.xctest */,
				0EAEACD41E5075E800AAA7B0 /* Result.framework */,
				0EAEACD61E5075E800AAA7B0 /* Result-iOSTests.xctest */,
				0EAEACD81E5075E800AAA7B0 /* Result.framework */,
				0EAEACDA1E5075E800AAA7B0 /* Result-tvOSTests.xctest */,
				0EAEACDC1E5075E800AAA7B0 /* Result.framework */,
				0EAEACDE1E5075E800AAA7B0 /* Result-watchOSTests.xctest */,
			);
			name = Products;
			sourceTree = "<group>";
		};
		0EC280911E555F550070712E /* Storyboards */ = {
			isa = PBXGroup;
			children = (
				0EC280B41E555F7B0070712E /* Keyboard.storyboard */,
			);
			name = Storyboards;
			sourceTree = "<group>";
		};
		0EFCAF9C1E52A6EC00F2B99A /* Products */ = {
			isa = PBXGroup;
			children = (
				0EFCAFA61E52A6EC00F2B99A /* Runes.framework */,
				0EFCAFA81E52A6EC00F2B99A /* Runes.framework */,
				0EFCAFAA1E52A6EC00F2B99A /* Runes.framework */,
				0EFCAFAC1E52A6EC00F2B99A /* Runes-iOS Tests.xctest */,
				0EFCAFAE1E52A6EC00F2B99A /* Runes-Mac Tests.xctest */,
				0EFCAFB01E52A6EC00F2B99A /* Runes-tvOS Tests.xctest */,
				0EFCAFB21E52A6EC00F2B99A /* Runes.framework */,
			);
			name = Products;
			sourceTree = "<group>";
		};
		0EFCAFBC1E52A9FF00F2B99A /* Products */ = {
			isa = PBXGroup;
			children = (
				0EFCAFC71E52A9FF00F2B99A /* Prelude.framework */,
				0EFCAFC91E52A9FF00F2B99A /* Prelude-iOSTests.xctest */,
				0EFCAFCB1E52A9FF00F2B99A /* Prelude.framework */,
				0EFCAFCD1E52A9FF00F2B99A /* Prelude-tvOSTests.xctest */,
				0EFCAFCF1E52A9FF00F2B99A /* Prelude_UIKit.framework */,
				0EFCAFD11E52A9FF00F2B99A /* Prelude-UIKit-iOSTests.xctest */,
				0EFCAFD31E52A9FF00F2B99A /* Prelude_UIKit.framework */,
				0EFCAFD51E52A9FF00F2B99A /* Prelude-UIKit-tvOSTests.xctest */,
			);
			name = Products;
			sourceTree = "<group>";
		};
		0EFCAFD71E52AA0800F2B99A /* Products */ = {
			isa = PBXGroup;
			children = (
				0EFCAFDE1E52AA0900F2B99A /* Curry.framework */,
				0EFCAFE01E52AA0900F2B99A /* Curry.framework */,
				0EFCAFE21E52AA0900F2B99A /* Curry.framework */,
				0EFCAFE41E52AA0900F2B99A /* Curry.framework */,
			);
			name = Products;
			sourceTree = "<group>";
		};
/* End PBXGroup section */

/* Begin PBXNativeTarget section */
		0E6B6A2D1DFA4ABD00712C0A /* CryptoKeyboard */ = {
			isa = PBXNativeTarget;
			buildConfigurationList = 0E6B6A401DFA4ABD00712C0A /* Build configuration list for PBXNativeTarget "CryptoKeyboard" */;
			buildPhases = (
				0E6B6A2A1DFA4ABD00712C0A /* Sources */,
				0E6B6A2B1DFA4ABD00712C0A /* Frameworks */,
				0E6B6A2C1DFA4ABD00712C0A /* Resources */,
				0E6B6A521DFA4AE400712C0A /* Embed App Extensions */,
				0E56FE181E0E188E00BF4377 /* Embed Frameworks */,
			);
			buildRules = (
			);
			dependencies = (
				0E6B6A4D1DFA4AE400712C0A /* PBXTargetDependency */,
				0EAEACE21E50762300AAA7B0 /* PBXTargetDependency */,
				0EAEACE61E50762300AAA7B0 /* PBXTargetDependency */,
				0EAEACEA1E50762300AAA7B0 /* PBXTargetDependency */,
				0EFCAFB61E52A71D00F2B99A /* PBXTargetDependency */,
				0EFCAFEB1E52AA3E00F2B99A /* PBXTargetDependency */,
				0EFCAFEF1E52AA3E00F2B99A /* PBXTargetDependency */,
				0EFCAFF31E52AA3E00F2B99A /* PBXTargetDependency */,
			);
			name = CryptoKeyboard;
			productName = CryptoKeyboard;
			productReference = 0E6B6A2E1DFA4ABD00712C0A /* CryptoKeyboard.app */;
			productType = "com.apple.product-type.application";
		};
		0E6B6A461DFA4AE400712C0A /* CryptoKB */ = {
			isa = PBXNativeTarget;
			buildConfigurationList = 0E6B6A4F1DFA4AE400712C0A /* Build configuration list for PBXNativeTarget "CryptoKB" */;
			buildPhases = (
				0E6B6A431DFA4AE400712C0A /* Sources */,
				0E6B6A441DFA4AE400712C0A /* Frameworks */,
				0E6B6A451DFA4AE400712C0A /* Resources */,
			);
			buildRules = (
			);
			dependencies = (
			);
			name = CryptoKB;
			productName = CryptoKB;
			productReference = 0E6B6A471DFA4AE400712C0A /* CryptoKB.appex */;
			productType = "com.apple.product-type.app-extension";
		};
/* End PBXNativeTarget section */

/* Begin PBXProject section */
		0E6B6A261DFA4ABD00712C0A /* Project object */ = {
			isa = PBXProject;
			attributes = {
				LastSwiftUpdateCheck = 0810;
				LastUpgradeCheck = 0820;
				ORGANIZATIONNAME = Keith;
				TargetAttributes = {
					0E6B6A2D1DFA4ABD00712C0A = {
						CreatedOnToolsVersion = 8.1;
						DevelopmentTeam = 6T5NK4S24M;
						LastSwiftMigration = 0820;
						ProvisioningStyle = Automatic;
					};
					0E6B6A461DFA4AE400712C0A = {
						CreatedOnToolsVersion = 8.1;
						DevelopmentTeam = 6T5NK4S24M;
						LastSwiftMigration = 0810;
						ProvisioningStyle = Automatic;
						SystemCapabilities = {
							com.apple.ApplicationGroups.iOS = {
								enabled = 0;
							};
						};
					};
				};
			};
			buildConfigurationList = 0E6B6A291DFA4ABD00712C0A /* Build configuration list for PBXProject "CryptoKeyboard" */;
			compatibilityVersion = "Xcode 3.2";
			developmentRegion = English;
			hasScannedForEncodings = 0;
			knownRegions = (
				en,
				Base,
			);
			mainGroup = 0E6B6A251DFA4ABD00712C0A;
			productRefGroup = 0E6B6A2F1DFA4ABD00712C0A /* Products */;
			projectDirPath = "";
			projectReferences = (
				{
					ProductGroup = 0EFCAFD71E52AA0800F2B99A /* Products */;
					ProjectRef = 0EFCAFD61E52AA0800F2B99A /* Curry.xcodeproj */;
				},
				{
					ProductGroup = 0EFCAFBC1E52A9FF00F2B99A /* Products */;
					ProjectRef = 0EFCAFBB1E52A9FF00F2B99A /* Prelude.xcodeproj */;
				},
				{
					ProductGroup = 0EAEAC951E5075CD00AAA7B0 /* Products */;
					ProjectRef = 0EAEAC941E5075CD00AAA7B0 /* ReactiveCocoa.xcodeproj */;
				},
				{
					ProductGroup = 0EAEACAD1E5075DF00AAA7B0 /* Products */;
					ProjectRef = 0EAEACAC1E5075DF00AAA7B0 /* ReactiveSwift.xcodeproj */;
				},
				{
					ProductGroup = 0EAEACC51E5075E800AAA7B0 /* Products */;
					ProjectRef = 0EAEACC41E5075E800AAA7B0 /* Result.xcodeproj */;
				},
				{
					ProductGroup = 0EFCAF9C1E52A6EC00F2B99A /* Products */;
					ProjectRef = 0EFCAF9B1E52A6EC00F2B99A /* Runes.xcodeproj */;
				},
			);
			projectRoot = "";
			targets = (
				0E6B6A2D1DFA4ABD00712C0A /* CryptoKeyboard */,
				0E6B6A461DFA4AE400712C0A /* CryptoKB */,
			);
		};
/* End PBXProject section */

/* Begin PBXReferenceProxy section */
		0EAEAC9F1E5075CD00AAA7B0 /* ReactiveCocoa.framework */ = {
			isa = PBXReferenceProxy;
			fileType = wrapper.framework;
			path = ReactiveCocoa.framework;
			remoteRef = 0EAEAC9E1E5075CD00AAA7B0 /* PBXContainerItemProxy */;
			sourceTree = BUILT_PRODUCTS_DIR;
		};
		0EAEACA11E5075CD00AAA7B0 /* ReactiveCocoaTests.xctest */ = {
			isa = PBXReferenceProxy;
			fileType = wrapper.cfbundle;
			path = ReactiveCocoaTests.xctest;
			remoteRef = 0EAEACA01E5075CD00AAA7B0 /* PBXContainerItemProxy */;
			sourceTree = BUILT_PRODUCTS_DIR;
		};
		0EAEACA31E5075CD00AAA7B0 /* ReactiveCocoa.framework */ = {
			isa = PBXReferenceProxy;
			fileType = wrapper.framework;
			path = ReactiveCocoa.framework;
			remoteRef = 0EAEACA21E5075CD00AAA7B0 /* PBXContainerItemProxy */;
			sourceTree = BUILT_PRODUCTS_DIR;
		};
		0EAEACA51E5075CD00AAA7B0 /* ReactiveCocoaTests.xctest */ = {
			isa = PBXReferenceProxy;
			fileType = wrapper.cfbundle;
			path = ReactiveCocoaTests.xctest;
			remoteRef = 0EAEACA41E5075CD00AAA7B0 /* PBXContainerItemProxy */;
			sourceTree = BUILT_PRODUCTS_DIR;
		};
		0EAEACA71E5075CD00AAA7B0 /* ReactiveCocoa.framework */ = {
			isa = PBXReferenceProxy;
			fileType = wrapper.framework;
			path = ReactiveCocoa.framework;
			remoteRef = 0EAEACA61E5075CD00AAA7B0 /* PBXContainerItemProxy */;
			sourceTree = BUILT_PRODUCTS_DIR;
		};
		0EAEACA91E5075CD00AAA7B0 /* ReactiveCocoa.framework */ = {
			isa = PBXReferenceProxy;
			fileType = wrapper.framework;
			path = ReactiveCocoa.framework;
			remoteRef = 0EAEACA81E5075CD00AAA7B0 /* PBXContainerItemProxy */;
			sourceTree = BUILT_PRODUCTS_DIR;
		};
		0EAEACAB1E5075CD00AAA7B0 /* ReactiveCocoaTests.xctest */ = {
			isa = PBXReferenceProxy;
			fileType = wrapper.cfbundle;
			path = ReactiveCocoaTests.xctest;
			remoteRef = 0EAEACAA1E5075CD00AAA7B0 /* PBXContainerItemProxy */;
			sourceTree = BUILT_PRODUCTS_DIR;
		};
		0EAEACB71E5075E000AAA7B0 /* ReactiveSwift.framework */ = {
			isa = PBXReferenceProxy;
			fileType = wrapper.framework;
			path = ReactiveSwift.framework;
			remoteRef = 0EAEACB61E5075E000AAA7B0 /* PBXContainerItemProxy */;
			sourceTree = BUILT_PRODUCTS_DIR;
		};
		0EAEACB91E5075E000AAA7B0 /* ReactiveSwiftTests.xctest */ = {
			isa = PBXReferenceProxy;
			fileType = wrapper.cfbundle;
			path = ReactiveSwiftTests.xctest;
			remoteRef = 0EAEACB81E5075E000AAA7B0 /* PBXContainerItemProxy */;
			sourceTree = BUILT_PRODUCTS_DIR;
		};
		0EAEACBB1E5075E000AAA7B0 /* ReactiveSwift.framework */ = {
			isa = PBXReferenceProxy;
			fileType = wrapper.framework;
			path = ReactiveSwift.framework;
			remoteRef = 0EAEACBA1E5075E000AAA7B0 /* PBXContainerItemProxy */;
			sourceTree = BUILT_PRODUCTS_DIR;
		};
		0EAEACBD1E5075E000AAA7B0 /* ReactiveSwiftTests.xctest */ = {
			isa = PBXReferenceProxy;
			fileType = wrapper.cfbundle;
			path = ReactiveSwiftTests.xctest;
			remoteRef = 0EAEACBC1E5075E000AAA7B0 /* PBXContainerItemProxy */;
			sourceTree = BUILT_PRODUCTS_DIR;
		};
		0EAEACBF1E5075E000AAA7B0 /* ReactiveSwift.framework */ = {
			isa = PBXReferenceProxy;
			fileType = wrapper.framework;
			path = ReactiveSwift.framework;
			remoteRef = 0EAEACBE1E5075E000AAA7B0 /* PBXContainerItemProxy */;
			sourceTree = BUILT_PRODUCTS_DIR;
		};
		0EAEACC11E5075E000AAA7B0 /* ReactiveSwift.framework */ = {
			isa = PBXReferenceProxy;
			fileType = wrapper.framework;
			path = ReactiveSwift.framework;
			remoteRef = 0EAEACC01E5075E000AAA7B0 /* PBXContainerItemProxy */;
			sourceTree = BUILT_PRODUCTS_DIR;
		};
		0EAEACC31E5075E000AAA7B0 /* ReactiveSwiftTests.xctest */ = {
			isa = PBXReferenceProxy;
			fileType = wrapper.cfbundle;
			path = ReactiveSwiftTests.xctest;
			remoteRef = 0EAEACC21E5075E000AAA7B0 /* PBXContainerItemProxy */;
			sourceTree = BUILT_PRODUCTS_DIR;
		};
		0EAEACD01E5075E800AAA7B0 /* Result.framework */ = {
			isa = PBXReferenceProxy;
			fileType = wrapper.framework;
			path = Result.framework;
			remoteRef = 0EAEACCF1E5075E800AAA7B0 /* PBXContainerItemProxy */;
			sourceTree = BUILT_PRODUCTS_DIR;
		};
		0EAEACD21E5075E800AAA7B0 /* Result-MacTests.xctest */ = {
			isa = PBXReferenceProxy;
			fileType = wrapper.cfbundle;
			path = "Result-MacTests.xctest";
			remoteRef = 0EAEACD11E5075E800AAA7B0 /* PBXContainerItemProxy */;
			sourceTree = BUILT_PRODUCTS_DIR;
		};
		0EAEACD41E5075E800AAA7B0 /* Result.framework */ = {
			isa = PBXReferenceProxy;
			fileType = wrapper.framework;
			path = Result.framework;
			remoteRef = 0EAEACD31E5075E800AAA7B0 /* PBXContainerItemProxy */;
			sourceTree = BUILT_PRODUCTS_DIR;
		};
		0EAEACD61E5075E800AAA7B0 /* Result-iOSTests.xctest */ = {
			isa = PBXReferenceProxy;
			fileType = wrapper.cfbundle;
			path = "Result-iOSTests.xctest";
			remoteRef = 0EAEACD51E5075E800AAA7B0 /* PBXContainerItemProxy */;
			sourceTree = BUILT_PRODUCTS_DIR;
		};
		0EAEACD81E5075E800AAA7B0 /* Result.framework */ = {
			isa = PBXReferenceProxy;
			fileType = wrapper.framework;
			path = Result.framework;
			remoteRef = 0EAEACD71E5075E800AAA7B0 /* PBXContainerItemProxy */;
			sourceTree = BUILT_PRODUCTS_DIR;
		};
		0EAEACDA1E5075E800AAA7B0 /* Result-tvOSTests.xctest */ = {
			isa = PBXReferenceProxy;
			fileType = wrapper.cfbundle;
			path = "Result-tvOSTests.xctest";
			remoteRef = 0EAEACD91E5075E800AAA7B0 /* PBXContainerItemProxy */;
			sourceTree = BUILT_PRODUCTS_DIR;
		};
		0EAEACDC1E5075E800AAA7B0 /* Result.framework */ = {
			isa = PBXReferenceProxy;
			fileType = wrapper.framework;
			path = Result.framework;
			remoteRef = 0EAEACDB1E5075E800AAA7B0 /* PBXContainerItemProxy */;
			sourceTree = BUILT_PRODUCTS_DIR;
		};
		0EAEACDE1E5075E800AAA7B0 /* Result-watchOSTests.xctest */ = {
			isa = PBXReferenceProxy;
			fileType = wrapper.cfbundle;
			path = "Result-watchOSTests.xctest";
			remoteRef = 0EAEACDD1E5075E800AAA7B0 /* PBXContainerItemProxy */;
			sourceTree = BUILT_PRODUCTS_DIR;
		};
		0EFCAFA61E52A6EC00F2B99A /* Runes.framework */ = {
			isa = PBXReferenceProxy;
			fileType = wrapper.framework;
			path = Runes.framework;
			remoteRef = 0EFCAFA51E52A6EC00F2B99A /* PBXContainerItemProxy */;
			sourceTree = BUILT_PRODUCTS_DIR;
		};
		0EFCAFA81E52A6EC00F2B99A /* Runes.framework */ = {
			isa = PBXReferenceProxy;
			fileType = wrapper.framework;
			path = Runes.framework;
			remoteRef = 0EFCAFA71E52A6EC00F2B99A /* PBXContainerItemProxy */;
			sourceTree = BUILT_PRODUCTS_DIR;
		};
		0EFCAFAA1E52A6EC00F2B99A /* Runes.framework */ = {
			isa = PBXReferenceProxy;
			fileType = wrapper.framework;
			path = Runes.framework;
			remoteRef = 0EFCAFA91E52A6EC00F2B99A /* PBXContainerItemProxy */;
			sourceTree = BUILT_PRODUCTS_DIR;
		};
		0EFCAFAC1E52A6EC00F2B99A /* Runes-iOS Tests.xctest */ = {
			isa = PBXReferenceProxy;
			fileType = wrapper.cfbundle;
			path = "Runes-iOS Tests.xctest";
			remoteRef = 0EFCAFAB1E52A6EC00F2B99A /* PBXContainerItemProxy */;
			sourceTree = BUILT_PRODUCTS_DIR;
		};
		0EFCAFAE1E52A6EC00F2B99A /* Runes-Mac Tests.xctest */ = {
			isa = PBXReferenceProxy;
			fileType = wrapper.cfbundle;
			path = "Runes-Mac Tests.xctest";
			remoteRef = 0EFCAFAD1E52A6EC00F2B99A /* PBXContainerItemProxy */;
			sourceTree = BUILT_PRODUCTS_DIR;
		};
		0EFCAFB01E52A6EC00F2B99A /* Runes-tvOS Tests.xctest */ = {
			isa = PBXReferenceProxy;
			fileType = wrapper.cfbundle;
			path = "Runes-tvOS Tests.xctest";
			remoteRef = 0EFCAFAF1E52A6EC00F2B99A /* PBXContainerItemProxy */;
			sourceTree = BUILT_PRODUCTS_DIR;
		};
		0EFCAFB21E52A6EC00F2B99A /* Runes.framework */ = {
			isa = PBXReferenceProxy;
			fileType = wrapper.framework;
			path = Runes.framework;
			remoteRef = 0EFCAFB11E52A6EC00F2B99A /* PBXContainerItemProxy */;
			sourceTree = BUILT_PRODUCTS_DIR;
		};
		0EFCAFC71E52A9FF00F2B99A /* Prelude.framework */ = {
			isa = PBXReferenceProxy;
			fileType = wrapper.framework;
			path = Prelude.framework;
			remoteRef = 0EFCAFC61E52A9FF00F2B99A /* PBXContainerItemProxy */;
			sourceTree = BUILT_PRODUCTS_DIR;
		};
		0EFCAFC91E52A9FF00F2B99A /* Prelude-iOSTests.xctest */ = {
			isa = PBXReferenceProxy;
			fileType = wrapper.cfbundle;
			path = "Prelude-iOSTests.xctest";
			remoteRef = 0EFCAFC81E52A9FF00F2B99A /* PBXContainerItemProxy */;
			sourceTree = BUILT_PRODUCTS_DIR;
		};
		0EFCAFCB1E52A9FF00F2B99A /* Prelude.framework */ = {
			isa = PBXReferenceProxy;
			fileType = wrapper.framework;
			path = Prelude.framework;
			remoteRef = 0EFCAFCA1E52A9FF00F2B99A /* PBXContainerItemProxy */;
			sourceTree = BUILT_PRODUCTS_DIR;
		};
		0EFCAFCD1E52A9FF00F2B99A /* Prelude-tvOSTests.xctest */ = {
			isa = PBXReferenceProxy;
			fileType = wrapper.cfbundle;
			path = "Prelude-tvOSTests.xctest";
			remoteRef = 0EFCAFCC1E52A9FF00F2B99A /* PBXContainerItemProxy */;
			sourceTree = BUILT_PRODUCTS_DIR;
		};
		0EFCAFCF1E52A9FF00F2B99A /* Prelude_UIKit.framework */ = {
			isa = PBXReferenceProxy;
			fileType = wrapper.framework;
			path = Prelude_UIKit.framework;
			remoteRef = 0EFCAFCE1E52A9FF00F2B99A /* PBXContainerItemProxy */;
			sourceTree = BUILT_PRODUCTS_DIR;
		};
		0EFCAFD11E52A9FF00F2B99A /* Prelude-UIKit-iOSTests.xctest */ = {
			isa = PBXReferenceProxy;
			fileType = wrapper.cfbundle;
			path = "Prelude-UIKit-iOSTests.xctest";
			remoteRef = 0EFCAFD01E52A9FF00F2B99A /* PBXContainerItemProxy */;
			sourceTree = BUILT_PRODUCTS_DIR;
		};
		0EFCAFD31E52A9FF00F2B99A /* Prelude_UIKit.framework */ = {
			isa = PBXReferenceProxy;
			fileType = wrapper.framework;
			path = Prelude_UIKit.framework;
			remoteRef = 0EFCAFD21E52A9FF00F2B99A /* PBXContainerItemProxy */;
			sourceTree = BUILT_PRODUCTS_DIR;
		};
		0EFCAFD51E52A9FF00F2B99A /* Prelude-UIKit-tvOSTests.xctest */ = {
			isa = PBXReferenceProxy;
			fileType = wrapper.cfbundle;
			path = "Prelude-UIKit-tvOSTests.xctest";
			remoteRef = 0EFCAFD41E52A9FF00F2B99A /* PBXContainerItemProxy */;
			sourceTree = BUILT_PRODUCTS_DIR;
		};
		0EFCAFDE1E52AA0900F2B99A /* Curry.framework */ = {
			isa = PBXReferenceProxy;
			fileType = wrapper.framework;
			path = Curry.framework;
			remoteRef = 0EFCAFDD1E52AA0900F2B99A /* PBXContainerItemProxy */;
			sourceTree = BUILT_PRODUCTS_DIR;
		};
		0EFCAFE01E52AA0900F2B99A /* Curry.framework */ = {
			isa = PBXReferenceProxy;
			fileType = wrapper.framework;
			path = Curry.framework;
			remoteRef = 0EFCAFDF1E52AA0900F2B99A /* PBXContainerItemProxy */;
			sourceTree = BUILT_PRODUCTS_DIR;
		};
		0EFCAFE21E52AA0900F2B99A /* Curry.framework */ = {
			isa = PBXReferenceProxy;
			fileType = wrapper.framework;
			path = Curry.framework;
			remoteRef = 0EFCAFE11E52AA0900F2B99A /* PBXContainerItemProxy */;
			sourceTree = BUILT_PRODUCTS_DIR;
		};
		0EFCAFE41E52AA0900F2B99A /* Curry.framework */ = {
			isa = PBXReferenceProxy;
			fileType = wrapper.framework;
			path = Curry.framework;
			remoteRef = 0EFCAFE31E52AA0900F2B99A /* PBXContainerItemProxy */;
			sourceTree = BUILT_PRODUCTS_DIR;
		};
/* End PBXReferenceProxy section */

/* Begin PBXResourcesBuildPhase section */
		0E6B6A2C1DFA4ABD00712C0A /* Resources */ = {
			isa = PBXResourcesBuildPhase;
			buildActionMask = 2147483647;
			files = (
				0E420C0D1E07F8FB00F41640 /* MorseCodeMapping.json in Resources */,
				0E6B6A3C1DFA4ABD00712C0A /* LaunchScreen.storyboard in Resources */,
				0E0D87DE1E554712007432C8 /* AboutCryptoKeyboard.storyboard in Resources */,
				0E6B6A391DFA4ABD00712C0A /* Assets.xcassets in Resources */,
			);
			runOnlyForDeploymentPostprocessing = 0;
		};
		0E6B6A451DFA4AE400712C0A /* Resources */ = {
			isa = PBXResourcesBuildPhase;
			buildActionMask = 2147483647;
			files = (
				0E3F18651DFF9AC900E80D0C /* Media.xcassets in Resources */,
				0E5DE92D1E0134A100FAEF09 /* MorseCodeMapping.json in Resources */,
				0E3F186A1DFFEE8300E80D0C /* words.txt in Resources */,
				0EC280B51E555F7B0070712E /* Keyboard.storyboard in Resources */,
			);
			runOnlyForDeploymentPostprocessing = 0;
		};
/* End PBXResourcesBuildPhase section */

/* Begin PBXSourcesBuildPhase section */
		0E6B6A2A1DFA4ABD00712C0A /* Sources */ = {
			isa = PBXSourcesBuildPhase;
			buildActionMask = 2147483647;
			files = (
				0E420C0B1E07F8F300F41640 /* CipherManager.swift in Sources */,
				0E420C0C1E07F8F300F41640 /* Cipher.swift in Sources */,
				0E6B6A321DFA4ABD00712C0A /* AppDelegate.swift in Sources */,
				0E420C1A1E07FB5C00F41640 /* AppHelper.m in Sources */,
				0E420C161E07F9AD00F41640 /* SDiOSVersion.m in Sources */,
				0E0D87D61E553DD1007432C8 /* AboutCryptoKeyboardViewModel.swift in Sources */,
				0E420BFD1E0790D300F41640 /* KeyboardSettingInstructionViewController.swift in Sources */,
				0E0D87D81E554380007432C8 /* Storyboard.swift in Sources */,
				0E420BF91E078C0800F41640 /* UIColor+ColorScheme.swift in Sources */,
				0E420BFA1E078C0800F41640 /* LayoutConstraints.swift in Sources */,
				0E0D87DC1E55447A007432C8 /* UIViewController-Preparation.swift in Sources */,
				0E0D87DA1E554439007432C8 /* NSBundleType.swift in Sources */,
				0E420C081E07F81900F41640 /* CipherTranslatorViewController.swift in Sources */,
				0E420BFB1E078C0800F41640 /* UsefulFunctions.swift in Sources */,
				0E420C051E07F7D800F41640 /* CipherIntroductionViewController.swift in Sources */,
				0E420C131E07F96600F41640 /* PDLiteAboutTableViewController.m in Sources */,
				0E420BFF1E07C63700F41640 /* SettingInstructionPageViewController.swift in Sources */,
				0E4ABB641E0C068600F85D44 /* FrontCollectionViewController.swift in Sources */,
				0E420C1B1E080A4F00F41640 /* CipherSettingTopBarView.swift in Sources */,
				0E8A3C2F1E08DE7400274D32 /* KeyboardView.swift in Sources */,
				0E4AB8BE1E0BA35200F85D44 /* CipherCollectionViewCell.swift in Sources */,
				0E0D87B21E553D64007432C8 /* AboutCryptoKeyboardTableViewController.swift in Sources */,
				0E8A3C331E08DE7400274D32 /* KeyboardViewItem.swift in Sources */,
				0E1E32FC1E56F34100750CF2 /* Diagram.swift in Sources */,
				0E1E32FD1E56F34100750CF2 /* Key.swift in Sources */,
				0E1E32FE1E56F34100750CF2 /* Keyboard.swift in Sources */,
				0E1E32FF1E56F34100750CF2 /* Others.swift in Sources */,
				0E8A3C351E08DE7400274D32 /* IconDrawingView.swift in Sources */,
			);
			runOnlyForDeploymentPostprocessing = 0;
		};
		0E6B6A431DFA4AE400712C0A /* Sources */ = {
			isa = PBXSourcesBuildPhase;
			buildActionMask = 2147483647;
			files = (
				0E3F18711E001F7700E80D0C /* CipherSettingTopBarView.swift in Sources */,
				0EA85D241DFD318700AFB546 /* UIColor+ColorScheme.swift in Sources */,
				0E1261481DFD75EE00E7EFE4 /* KeyboardViewController.swift in Sources */,
				0EA85D1D1DFD2E9500AFB546 /* KeyboardView.swift in Sources */,
				0E5DE9311E01650800FAEF09 /* CipherManager.swift in Sources */,
				0E1E32F71E56F29700750CF2 /* Key.swift in Sources */,
				0E28CCD81DFE532800BCAC75 /* KeyboardViewController+AutoCap.swift in Sources */,
				0E1261461DFD680900E7EFE4 /* LayoutConstraints.swift in Sources */,
				0E1E32F61E56F29700750CF2 /* Diagram.swift in Sources */,
				0E12614A1DFD762200E7EFE4 /* IconDrawingView.swift in Sources */,
				0E28CCDA1DFE551000BCAC75 /* KeyboardViewController+AutoSuffixPeriod.swift in Sources */,
				0E5DE9251E00E88300FAEF09 /* KeyboardViewController+CipherSettingViewControllerDelegate.swift in Sources */,
				0E28CCDD1DFE643A00BCAC75 /* UsefulFunctions.swift in Sources */,
				0E28CCF91DFE7BE000BCAC75 /* KeyboardViewController+InputInterpreterOutputReceiverDelegate.swift in Sources */,
				0E5DE9331E01656200FAEF09 /* Cipher.swift in Sources */,
				0EA85D1E1DFD2E9500AFB546 /* KeyboardViewItem.swift in Sources */,
				0E1E32F91E56F29700750CF2 /* Others.swift in Sources */,
				0E5DE9231E00E82600FAEF09 /* CipherSettingViewController.swift in Sources */,
				0E28CCE21DFE748C00BCAC75 /* InputInterpreter.swift in Sources */,
				0E3F18681DFFE24100E80D0C /* SpellingAutoCorretor.swift in Sources */,
				0E28CCD61DFE480200BCAC75 /* KeyboardViewController+KeyboardViewDelegate.swift in Sources */,
				0E1E32F81E56F29700750CF2 /* Keyboard.swift in Sources */,
				0E7673451E559122008AA089 /* KeyboardViewModel.swift in Sources */,
				0E7673461E55D177008AA089 /* UIViewController-Preparation.swift in Sources */,
			);
			runOnlyForDeploymentPostprocessing = 0;
		};
/* End PBXSourcesBuildPhase section */

/* Begin PBXTargetDependency section */
		0E6B6A4D1DFA4AE400712C0A /* PBXTargetDependency */ = {
			isa = PBXTargetDependency;
			target = 0E6B6A461DFA4AE400712C0A /* CryptoKB */;
			targetProxy = 0E6B6A4C1DFA4AE400712C0A /* PBXContainerItemProxy */;
		};
		0EAEACE21E50762300AAA7B0 /* PBXTargetDependency */ = {
			isa = PBXTargetDependency;
			name = "Result-iOS";
			targetProxy = 0EAEACE11E50762300AAA7B0 /* PBXContainerItemProxy */;
		};
		0EAEACE61E50762300AAA7B0 /* PBXTargetDependency */ = {
			isa = PBXTargetDependency;
			name = "ReactiveSwift-iOS";
			targetProxy = 0EAEACE51E50762300AAA7B0 /* PBXContainerItemProxy */;
		};
		0EAEACEA1E50762300AAA7B0 /* PBXTargetDependency */ = {
			isa = PBXTargetDependency;
			name = "ReactiveCocoa-iOS";
			targetProxy = 0EAEACE91E50762300AAA7B0 /* PBXContainerItemProxy */;
		};
		0EFCAFB61E52A71D00F2B99A /* PBXTargetDependency */ = {
			isa = PBXTargetDependency;
			name = "Runes-iOS";
			targetProxy = 0EFCAFB51E52A71D00F2B99A /* PBXContainerItemProxy */;
		};
		0EFCAFEB1E52AA3E00F2B99A /* PBXTargetDependency */ = {
			isa = PBXTargetDependency;
			name = "Curry-iOS";
			targetProxy = 0EFCAFEA1E52AA3E00F2B99A /* PBXContainerItemProxy */;
		};
		0EFCAFEF1E52AA3E00F2B99A /* PBXTargetDependency */ = {
			isa = PBXTargetDependency;
			name = "Prelude-iOS";
			targetProxy = 0EFCAFEE1E52AA3E00F2B99A /* PBXContainerItemProxy */;
		};
		0EFCAFF31E52AA3E00F2B99A /* PBXTargetDependency */ = {
			isa = PBXTargetDependency;
			name = "Prelude-UIKit-iOS";
			targetProxy = 0EFCAFF21E52AA3E00F2B99A /* PBXContainerItemProxy */;
		};
/* End PBXTargetDependency section */

/* Begin PBXVariantGroup section */
		0E6B6A3A1DFA4ABD00712C0A /* LaunchScreen.storyboard */ = {
			isa = PBXVariantGroup;
			children = (
				0E6B6A3B1DFA4ABD00712C0A /* Base */,
			);
			name = LaunchScreen.storyboard;
			sourceTree = "<group>";
		};
/* End PBXVariantGroup section */

/* Begin XCBuildConfiguration section */
		0E6B6A3E1DFA4ABD00712C0A /* Debug */ = {
			isa = XCBuildConfiguration;
			buildSettings = {
				ALWAYS_SEARCH_USER_PATHS = NO;
				CLANG_ANALYZER_NONNULL = YES;
				CLANG_CXX_LANGUAGE_STANDARD = "gnu++0x";
				CLANG_CXX_LIBRARY = "libc++";
				CLANG_ENABLE_MODULES = YES;
				CLANG_ENABLE_OBJC_ARC = YES;
				CLANG_WARN_BOOL_CONVERSION = YES;
				CLANG_WARN_CONSTANT_CONVERSION = YES;
				CLANG_WARN_DIRECT_OBJC_ISA_USAGE = YES_ERROR;
				CLANG_WARN_DOCUMENTATION_COMMENTS = YES;
				CLANG_WARN_EMPTY_BODY = YES;
				CLANG_WARN_ENUM_CONVERSION = YES;
				CLANG_WARN_INFINITE_RECURSION = YES;
				CLANG_WARN_INT_CONVERSION = YES;
				CLANG_WARN_OBJC_ROOT_CLASS = YES_ERROR;
				CLANG_WARN_SUSPICIOUS_MOVE = YES;
				CLANG_WARN_SUSPICIOUS_MOVES = YES;
				CLANG_WARN_UNREACHABLE_CODE = YES;
				CLANG_WARN__DUPLICATE_METHOD_MATCH = YES;
				"CODE_SIGN_IDENTITY[sdk=iphoneos*]" = "iPhone Developer";
				COPY_PHASE_STRIP = NO;
				DEBUG_INFORMATION_FORMAT = dwarf;
				ENABLE_STRICT_OBJC_MSGSEND = YES;
				ENABLE_TESTABILITY = YES;
				GCC_C_LANGUAGE_STANDARD = gnu99;
				GCC_DYNAMIC_NO_PIC = NO;
				GCC_NO_COMMON_BLOCKS = YES;
				GCC_OPTIMIZATION_LEVEL = 0;
				GCC_PREPROCESSOR_DEFINITIONS = (
					"DEBUG=1",
					"$(inherited)",
				);
				GCC_WARN_64_TO_32_BIT_CONVERSION = YES;
				GCC_WARN_ABOUT_RETURN_TYPE = YES_ERROR;
				GCC_WARN_UNDECLARED_SELECTOR = YES;
				GCC_WARN_UNINITIALIZED_AUTOS = YES_AGGRESSIVE;
				GCC_WARN_UNUSED_FUNCTION = YES;
				GCC_WARN_UNUSED_VARIABLE = YES;
				IPHONEOS_DEPLOYMENT_TARGET = 10.1;
				MTL_ENABLE_DEBUG_INFO = YES;
				ONLY_ACTIVE_ARCH = YES;
				SDKROOT = iphoneos;
				SWIFT_ACTIVE_COMPILATION_CONDITIONS = DEBUG;
				SWIFT_OPTIMIZATION_LEVEL = "-Onone";
			};
			name = Debug;
		};
		0E6B6A3F1DFA4ABD00712C0A /* Release */ = {
			isa = XCBuildConfiguration;
			buildSettings = {
				ALWAYS_SEARCH_USER_PATHS = NO;
				CLANG_ANALYZER_NONNULL = YES;
				CLANG_CXX_LANGUAGE_STANDARD = "gnu++0x";
				CLANG_CXX_LIBRARY = "libc++";
				CLANG_ENABLE_MODULES = YES;
				CLANG_ENABLE_OBJC_ARC = YES;
				CLANG_WARN_BOOL_CONVERSION = YES;
				CLANG_WARN_CONSTANT_CONVERSION = YES;
				CLANG_WARN_DIRECT_OBJC_ISA_USAGE = YES_ERROR;
				CLANG_WARN_DOCUMENTATION_COMMENTS = YES;
				CLANG_WARN_EMPTY_BODY = YES;
				CLANG_WARN_ENUM_CONVERSION = YES;
				CLANG_WARN_INFINITE_RECURSION = YES;
				CLANG_WARN_INT_CONVERSION = YES;
				CLANG_WARN_OBJC_ROOT_CLASS = YES_ERROR;
				CLANG_WARN_SUSPICIOUS_MOVE = YES;
				CLANG_WARN_SUSPICIOUS_MOVES = YES;
				CLANG_WARN_UNREACHABLE_CODE = YES;
				CLANG_WARN__DUPLICATE_METHOD_MATCH = YES;
				"CODE_SIGN_IDENTITY[sdk=iphoneos*]" = "iPhone Developer";
				COPY_PHASE_STRIP = NO;
				DEBUG_INFORMATION_FORMAT = "dwarf-with-dsym";
				ENABLE_NS_ASSERTIONS = NO;
				ENABLE_STRICT_OBJC_MSGSEND = YES;
				GCC_C_LANGUAGE_STANDARD = gnu99;
				GCC_NO_COMMON_BLOCKS = YES;
				GCC_WARN_64_TO_32_BIT_CONVERSION = YES;
				GCC_WARN_ABOUT_RETURN_TYPE = YES_ERROR;
				GCC_WARN_UNDECLARED_SELECTOR = YES;
				GCC_WARN_UNINITIALIZED_AUTOS = YES_AGGRESSIVE;
				GCC_WARN_UNUSED_FUNCTION = YES;
				GCC_WARN_UNUSED_VARIABLE = YES;
				IPHONEOS_DEPLOYMENT_TARGET = 10.1;
				MTL_ENABLE_DEBUG_INFO = NO;
				SDKROOT = iphoneos;
				SWIFT_OPTIMIZATION_LEVEL = "-Owholemodule";
				VALIDATE_PRODUCT = YES;
			};
			name = Release;
		};
		0E6B6A411DFA4ABD00712C0A /* Debug */ = {
			isa = XCBuildConfiguration;
			buildSettings = {
				ALWAYS_EMBED_SWIFT_STANDARD_LIBRARIES = YES;
				ASSETCATALOG_COMPILER_APPICON_NAME = AppIcon;
				CLANG_ENABLE_MODULES = YES;
				DEVELOPMENT_TEAM = 6T5NK4S24M;
				INFOPLIST_FILE = CryptoKeyboard/Info.plist;
				IPHONEOS_DEPLOYMENT_TARGET = 10.0;
				LD_RUNPATH_SEARCH_PATHS = "$(inherited) @executable_path/Frameworks";
				LIBRARY_SEARCH_PATHS = (
					"$(inherited)",
					"$(PROJECT_DIR)/CryptoKeyboard",
				);
				PRODUCT_BUNDLE_IDENTIFIER = Keith.Pi.Tsui.CryptoKeyboard;
				PRODUCT_NAME = "$(TARGET_NAME)";
				SWIFT_OBJC_BRIDGING_HEADER = "CryptoKeyboard/CryptoKeyboard-Bridging-Header.h";
				SWIFT_OPTIMIZATION_LEVEL = "-Onone";
				SWIFT_VERSION = 3.0;
			};
			name = Debug;
		};
		0E6B6A421DFA4ABD00712C0A /* Release */ = {
			isa = XCBuildConfiguration;
			buildSettings = {
				ALWAYS_EMBED_SWIFT_STANDARD_LIBRARIES = YES;
				ASSETCATALOG_COMPILER_APPICON_NAME = AppIcon;
				CLANG_ENABLE_MODULES = YES;
				DEVELOPMENT_TEAM = 6T5NK4S24M;
				INFOPLIST_FILE = CryptoKeyboard/Info.plist;
				IPHONEOS_DEPLOYMENT_TARGET = 10.0;
				LD_RUNPATH_SEARCH_PATHS = "$(inherited) @executable_path/Frameworks";
				LIBRARY_SEARCH_PATHS = (
					"$(inherited)",
					"$(PROJECT_DIR)/CryptoKeyboard",
				);
				PRODUCT_BUNDLE_IDENTIFIER = Keith.Pi.Tsui.CryptoKeyboard;
				PRODUCT_NAME = "$(TARGET_NAME)";
				SWIFT_OBJC_BRIDGING_HEADER = "CryptoKeyboard/CryptoKeyboard-Bridging-Header.h";
				SWIFT_VERSION = 3.0;
			};
			name = Release;
		};
		0E6B6A501DFA4AE400712C0A /* Debug */ = {
			isa = XCBuildConfiguration;
			buildSettings = {
				CLANG_ENABLE_MODULES = YES;
				DEVELOPMENT_TEAM = 6T5NK4S24M;
				INFOPLIST_FILE = CryptoKB/Info.plist;
				LD_RUNPATH_SEARCH_PATHS = "$(inherited) @executable_path/Frameworks @executable_path/../../Frameworks";
				PRODUCT_BUNDLE_IDENTIFIER = Keith.Pi.Tsui.CryptoKeyboard.CryptoKB;
				PRODUCT_NAME = "$(TARGET_NAME)";
				SKIP_INSTALL = YES;
				SWIFT_INSTALL_OBJC_HEADER = YES;
				SWIFT_OBJC_BRIDGING_HEADER = "";
				SWIFT_OPTIMIZATION_LEVEL = "-Onone";
				SWIFT_VERSION = 3.0;
			};
			name = Debug;
		};
		0E6B6A511DFA4AE400712C0A /* Release */ = {
			isa = XCBuildConfiguration;
			buildSettings = {
				CLANG_ENABLE_MODULES = YES;
				DEVELOPMENT_TEAM = 6T5NK4S24M;
				INFOPLIST_FILE = CryptoKB/Info.plist;
				LD_RUNPATH_SEARCH_PATHS = "$(inherited) @executable_path/Frameworks @executable_path/../../Frameworks";
				PRODUCT_BUNDLE_IDENTIFIER = Keith.Pi.Tsui.CryptoKeyboard.CryptoKB;
				PRODUCT_NAME = "$(TARGET_NAME)";
				SKIP_INSTALL = YES;
				SWIFT_INSTALL_OBJC_HEADER = YES;
				SWIFT_OBJC_BRIDGING_HEADER = "";
				SWIFT_VERSION = 3.0;
			};
			name = Release;
		};
/* End XCBuildConfiguration section */

/* Begin XCConfigurationList section */
		0E6B6A291DFA4ABD00712C0A /* Build configuration list for PBXProject "CryptoKeyboard" */ = {
			isa = XCConfigurationList;
			buildConfigurations = (
				0E6B6A3E1DFA4ABD00712C0A /* Debug */,
				0E6B6A3F1DFA4ABD00712C0A /* Release */,
			);
			defaultConfigurationIsVisible = 0;
			defaultConfigurationName = Release;
		};
		0E6B6A401DFA4ABD00712C0A /* Build configuration list for PBXNativeTarget "CryptoKeyboard" */ = {
			isa = XCConfigurationList;
			buildConfigurations = (
				0E6B6A411DFA4ABD00712C0A /* Debug */,
				0E6B6A421DFA4ABD00712C0A /* Release */,
			);
			defaultConfigurationIsVisible = 0;
			defaultConfigurationName = Release;
		};
		0E6B6A4F1DFA4AE400712C0A /* Build configuration list for PBXNativeTarget "CryptoKB" */ = {
			isa = XCConfigurationList;
			buildConfigurations = (
				0E6B6A501DFA4AE400712C0A /* Debug */,
				0E6B6A511DFA4AE400712C0A /* Release */,
			);
			defaultConfigurationIsVisible = 0;
			defaultConfigurationName = Release;
		};
/* End XCConfigurationList section */
	};
	rootObject = 0E6B6A261DFA4ABD00712C0A /* Project object */;
}
